{
  "version": 4,
  "terraform_version": "1.1.9",
  "serial": 27,
  "lineage": "b5488bac-e3b7-e7d9-b00e-d41800e64ebf",
  "outputs": {
    "instance_id": {
      "value": "i-0ada18ab147d40bdb",
      "type": "string"
    },
    "secretsmanager_secret": {
      "value": "arn:aws:secretsmanager:eu-central-1:802679893191:secret:new-rsa-secrets-jUpgls",
      "type": "string"
    },
    "secretsmanager_secret_version": {
      "value": "arn:aws:secretsmanager:eu-central-1:802679893191:secret:new-rsa-secrets-jUpgls|338A0C5B-4265-4F17-9659-7A3BC7299A71",
      "type": "string"
    }
  },
  "resources": [
    {
      "mode": "managed",
      "type": "aws_instance",
      "name": "application",
      "provider": "provider[\"registry.terraform.io/hashicorp/aws\"]",
      "instances": [
        {
          "schema_version": 1,
          "attributes": {
            "ami": "ami-065deacbcaac64cf2",
            "arn": "arn:aws:ec2:eu-central-1:802679893191:instance/i-02ddf3bc3b1976686",
            "associate_public_ip_address": false,
            "availability_zone": "eu-central-1a",
            "capacity_reservation_specification": [
              {
                "capacity_reservation_preference": "open",
                "capacity_reservation_target": []
              }
            ],
            "cpu_core_count": 1,
            "cpu_threads_per_core": 1,
            "credit_specification": [
              {
                "cpu_credits": "standard"
              }
            ],
            "disable_api_stop": false,
            "disable_api_termination": false,
            "ebs_block_device": [],
            "ebs_optimized": false,
            "enclave_options": [
              {
                "enabled": false
              }
            ],
            "ephemeral_block_device": [],
            "get_password_data": false,
            "hibernation": false,
            "host_id": null,
            "iam_instance_profile": "",
            "id": "i-02ddf3bc3b1976686",
            "instance_initiated_shutdown_behavior": "stop",
            "instance_state": "running",
            "instance_type": "t2.micro",
            "ipv6_address_count": 0,
            "ipv6_addresses": [],
            "key_name": "admin",
            "launch_template": [],
            "maintenance_options": [
              {
                "auto_recovery": "default"
              }
            ],
            "metadata_options": [
              {
                "http_endpoint": "enabled",
                "http_put_response_hop_limit": 1,
                "http_tokens": "optional",
                "instance_metadata_tags": "disabled"
              }
            ],
            "monitoring": false,
            "network_interface": [],
            "outpost_arn": "",
            "password_data": "",
            "placement_group": "",
            "placement_partition_number": null,
            "primary_network_interface_id": "eni-0ae2491e08a5d8735",
            "private_dns": "ip-10-0-3-134.eu-central-1.compute.internal",
            "private_dns_name_options": [
              {
                "enable_resource_name_dns_a_record": false,
                "enable_resource_name_dns_aaaa_record": false,
                "hostname_type": "ip-name"
              }
            ],
            "private_ip": "10.0.3.134",
            "public_dns": "",
            "public_ip": "",
            "root_block_device": [
              {
                "delete_on_termination": true,
                "device_name": "/dev/sda1",
                "encrypted": false,
                "iops": 100,
                "kms_key_id": "",
                "tags": {},
                "throughput": 0,
                "volume_id": "vol-098acf19a291d78e3",
                "volume_size": 8,
                "volume_type": "gp2"
              }
            ],
            "secondary_private_ips": [],
            "security_groups": [],
            "source_dest_check": true,
            "subnet_id": "subnet-0f46466bbc3cb81b7",
            "tags": {
              "Name": "application"
            },
            "tags_all": {
              "Name": "application"
            },
            "tenancy": "default",
            "timeouts": null,
            "user_data": null,
            "user_data_base64": null,
            "user_data_replace_on_change": false,
            "volume_tags": null,
            "vpc_security_group_ids": [
              "sg-090370e5135e05687"
            ]
          },
          "sensitive_attributes": [],
          "private": "eyJlMmJmYjczMC1lY2FhLTExZTYtOGY4OC0zNDM2M2JjN2M0YzAiOnsiY3JlYXRlIjo2MDAwMDAwMDAwMDAsImRlbGV0ZSI6MTIwMDAwMDAwMDAwMCwidXBkYXRlIjo2MDAwMDAwMDAwMDB9LCJzY2hlbWFfdmVyc2lvbiI6IjEifQ==",
          "dependencies": [
            "aws_key_pair.admin",
            "aws_security_group.ssh-and-port3000",
            "module.network.aws_subnet.private-sub-1"
          ]
        }
      ]
    },
    {
      "mode": "managed",
      "type": "aws_instance",
      "name": "bastion",
      "provider": "provider[\"registry.terraform.io/hashicorp/aws\"]",
      "instances": [
        {
          "schema_version": 1,
          "attributes": {
            "ami": "ami-065deacbcaac64cf2",
            "arn": "arn:aws:ec2:eu-central-1:802679893191:instance/i-0ada18ab147d40bdb",
            "associate_public_ip_address": true,
            "availability_zone": "eu-central-1a",
            "capacity_reservation_specification": [
              {
                "capacity_reservation_preference": "open",
                "capacity_reservation_target": []
              }
            ],
            "cpu_core_count": 1,
            "cpu_threads_per_core": 1,
            "credit_specification": [
              {
                "cpu_credits": "standard"
              }
            ],
            "disable_api_stop": false,
            "disable_api_termination": false,
            "ebs_block_device": [],
            "ebs_optimized": false,
            "enclave_options": [
              {
                "enabled": false
              }
            ],
            "ephemeral_block_device": [],
            "get_password_data": false,
            "hibernation": false,
            "host_id": null,
            "iam_instance_profile": "",
            "id": "i-0ada18ab147d40bdb",
            "instance_initiated_shutdown_behavior": "stop",
            "instance_state": "running",
            "instance_type": "t2.micro",
            "ipv6_address_count": 0,
            "ipv6_addresses": [],
            "key_name": "admin",
            "launch_template": [],
            "maintenance_options": [
              {
                "auto_recovery": "default"
              }
            ],
            "metadata_options": [
              {
                "http_endpoint": "enabled",
                "http_put_response_hop_limit": 1,
                "http_tokens": "optional",
                "instance_metadata_tags": "disabled"
              }
            ],
            "monitoring": false,
            "network_interface": [],
            "outpost_arn": "",
            "password_data": "",
            "placement_group": "",
            "placement_partition_number": null,
            "primary_network_interface_id": "eni-026ee3ac523e37eff",
            "private_dns": "ip-10-0-1-35.eu-central-1.compute.internal",
            "private_dns_name_options": [
              {
                "enable_resource_name_dns_a_record": false,
                "enable_resource_name_dns_aaaa_record": false,
                "hostname_type": "ip-name"
              }
            ],
            "private_ip": "10.0.1.35",
            "public_dns": "ec2-18-156-175-157.eu-central-1.compute.amazonaws.com",
            "public_ip": "18.156.175.157",
            "root_block_device": [
              {
                "delete_on_termination": true,
                "device_name": "/dev/sda1",
                "encrypted": false,
                "iops": 100,
                "kms_key_id": "",
                "tags": {},
                "throughput": 0,
                "volume_id": "vol-0e1e20af84f36f307",
                "volume_size": 8,
                "volume_type": "gp2"
              }
            ],
            "secondary_private_ips": [],
            "security_groups": [],
            "source_dest_check": true,
            "subnet_id": "subnet-0c2029ca3f31f3a5f",
            "tags": {
              "Name": "bastion"
            },
            "tags_all": {
              "Name": "bastion"
            },
            "tenancy": "default",
            "timeouts": null,
            "user_data": null,
            "user_data_base64": null,
            "user_data_replace_on_change": false,
            "volume_tags": null,
            "vpc_security_group_ids": [
              "sg-0937c67bfab3c49c1"
            ]
          },
          "sensitive_attributes": [],
          "private": "eyJlMmJmYjczMC1lY2FhLTExZTYtOGY4OC0zNDM2M2JjN2M0YzAiOnsiY3JlYXRlIjo2MDAwMDAwMDAwMDAsImRlbGV0ZSI6MTIwMDAwMDAwMDAwMCwidXBkYXRlIjo2MDAwMDAwMDAwMDB9LCJzY2hlbWFfdmVyc2lvbiI6IjEifQ==",
          "dependencies": [
            "aws_key_pair.admin",
            "aws_security_group.allow_ssh",
            "module.network.aws_subnet.public-sub-1"
          ]
        }
      ]
    },
    {
      "mode": "managed",
      "type": "aws_key_pair",
      "name": "admin",
      "provider": "provider[\"registry.terraform.io/hashicorp/aws\"]",
      "instances": [
        {
          "schema_version": 1,
          "attributes": {
            "arn": "arn:aws:ec2:eu-central-1:802679893191:key-pair/admin",
            "fingerprint": "b9:82:e8:45:79:1a:c6:e0:a3:89:98:ac:9a:38:a3:98",
            "id": "admin",
            "key_name": "admin",
            "key_name_prefix": "",
            "key_pair_id": "key-05b38935222f36d88",
            "key_type": "rsa",
            "public_key": "ssh-rsa AAAAB3NzaC1yc2EAAAADAQABAAACAQC52TZlo08bhf6GzIt96NwsV11a0KbT+xnEgMWX0ACVGFfuhqCYaV8YHxZ+GNyGGNZSHUemIMmxL/RLOst6tSFtaoV4vZxze0+End5mHs3AyaxewNWmwIcxo4QkjOpKlOiEbMWawzqPn2E2swLP+Ntjm4/pWmLVzWw+2+dU+PA2QakRiSPtUOf9vnLU5jhNqI2CO4X9AWxi55X4Kz89+h0YoDuW9LGDoqt8ZULQ6bu8U0QByOxw5DXurNt7+WXdpFRw80ffyepucarvSBfLG/uWNhXxe6UiVwaTpUTBzS7x6EzY80exP18/hMeC8EzhQmWGJd4EsUxolKlChvmUZPIMFpAqDvqIEolisXAIzU8d9DBNXYz8PS+dbYRXGyp8NTXwG/0Ly88mXOLjQTSWY9psIzIqyJI4A+Od/vMp1MJ7PRF+UOH7iMdtuFMXqLk/I+CID6g3Gj4ZUNCywWriA4ypPKu7XMhphnA9Xzer8vOi7NUpPaNjqezIGOddVypBeuzY2AmtBg90wNWESkL2LztOXa8iySvcaC5SQHcrM5HYm+vJbKasXp4JMCq8sCTQ9eWIW9AKv7rv0CT18sdmqbh/fuWBU0013GD3oxEXIXGiE0X3+vv3Jg7sDFYIqdbbQ0hJd1qtPsNkLssQhP1lYlSr+7ir6tkyq05tBJvl/YfJxQ==",
            "tags": {},
            "tags_all": {}
          },
          "sensitive_attributes": [],
          "private": "eyJzY2hlbWFfdmVyc2lvbiI6IjEifQ==",
          "dependencies": [
            "tls_private_key.admin"
          ]
        }
      ]
    },
    {
      "mode": "managed",
      "type": "aws_secretsmanager_secret",
      "name": "new-rsa-secrets",
      "provider": "provider[\"registry.terraform.io/hashicorp/aws\"]",
      "instances": [
        {
          "schema_version": 0,
          "attributes": {
            "arn": "arn:aws:secretsmanager:eu-central-1:802679893191:secret:new-rsa-secrets-jUpgls",
            "description": "",
            "force_overwrite_replica_secret": false,
            "id": "arn:aws:secretsmanager:eu-central-1:802679893191:secret:new-rsa-secrets-jUpgls",
            "kms_key_id": "",
            "name": "new-rsa-secrets",
            "name_prefix": "",
            "policy": "",
            "recovery_window_in_days": 0,
            "replica": [],
            "rotation_enabled": false,
            "rotation_lambda_arn": "",
            "rotation_rules": [],
            "tags": {},
            "tags_all": {}
          },
          "sensitive_attributes": [],
          "private": "bnVsbA=="
        }
      ]
    },
    {
      "mode": "managed",
      "type": "aws_secretsmanager_secret_version",
      "name": "new-rsa-secrets",
      "provider": "provider[\"registry.terraform.io/hashicorp/aws\"]",
      "instances": [
        {
          "schema_version": 0,
          "attributes": {
            "arn": "arn:aws:secretsmanager:eu-central-1:802679893191:secret:new-rsa-secrets-jUpgls",
            "id": "arn:aws:secretsmanager:eu-central-1:802679893191:secret:new-rsa-secrets-jUpgls|338A0C5B-4265-4F17-9659-7A3BC7299A71",
            "secret_binary": "",
            "secret_id": "arn:aws:secretsmanager:eu-central-1:802679893191:secret:new-rsa-secrets-jUpgls",
            "secret_string": "-----BEGIN RSA PRIVATE KEY-----\nMIIJKQIBAAKCAgEAudk2ZaNPG4X+hsyLfejcLFddWtCm0/sZxIDFl9AAlRhX7oag\nmGlfGB8WfhjchhjWUh1HpiDJsS/0SzrLerUhbWqFeL2cc3tPhJ3eZh7NwMmsXsDV\npsCHMaOEJIzqSpTohGzFmsM6j59hNrMCz/jbY5uP6Vpi1c1sPtvnVPjwNkGpEYkj\n7VDn/b5y1OY4TaiNgjuF/QFsYueV+Cs/PfodGKA7lvSxg6KrfGVC0Om7vFNEAcjs\ncOQ17qzbe/ll3aRUcPNH38nqbnGq70gXyxv7ljYV8XulIlcGk6VEwc0u8ehM2PNH\nsT9fP4THgvBM4UJlhiXeBLFMaJSpQob5lGTyDBaQKg76iBKJYrFwCM1PHfQwTV2M\n/D0vnW2EVxsqfDU18Bv9C8vPJlzi40E0lmPabCMyKsiSOAPjnf7zKdTCez0RflDh\n+4jHbbhTF6i5PyPgiA+oNxo+GVDQssFq4gOMqTyru1zIaYZwPV83q/LzouzVKT2j\nY6nsyBjnXVcqQXrs2NgJrQYPdMDVhEpC9i87Tl2vIskr3GguUkB3KzOR2JvryWym\nrF6eCTAqvLAk0PXliFvQCr+679Ak9fLHZqm4f37lgVNNNdxg96MRFyFxohNF9/r7\n9yYO7AxWCKnW20NISXdarT7DZC7LEIT9ZWJUq/u4q+rZMqtObQSb5f2HycUCAwEA\nAQKCAgBt50oH6P+LIz5VsPh8yQwLHM8UOXeuvDuMvSockOEHSpIVeH/YIdgeh6Ph\nhgpDMsTrYm1QjOs5YUZyhp52Pk86SVgNAvRWRoHLxyAR+/1pGNpaXmb6abiJXk1y\n3/JdkJnAViK1VuZ2sKXolwv+uQfka8Y7FTyFeymcMqcm1OAY9dNpj1QzrzjCEbIO\nvOZm5lpovZKLACB8jL9fNxP7LsGuInOa3bFsSvJmaeuNZ+uhfwwkkhFg4VQThR12\nvxHCdL+K3BOQ//MmxQl034lSj4XEWs+3MouBNz2oan+yrAgq/lkToyquYu+MvJTP\nlhOg0ob/Qb19wOuSnPdLZE6LtvZ7tW0mCM3IHIof1ap/TthJVfWqQvXVZsl/ksEP\nHvKw3zDOaJhXYqjYzlhHOxYchlp8wA0jpt81sEsfEhBQQQ9IOTnl4xrIZLmWoNKj\n3Q7e3BgZIL5suPE66jJxAByoEHD5ATEiJ7sZIxNzj2tL8JX+EFvfbL5xr772qOoi\nWQZJp5SuqGtvFkggdBUELPPmmHyfY5vxpTA+sY0Yiaqi+ZA3fVBFWXPCB2AOg7+M\nCppMvHOyOk0xtkvVRRauRIoHe8XzPDmdnFmaOFgD7GIAHIpRWzOcCLeAC1gor4Nr\nz8fyx6Bm26dWVVPHZskhK55OufFjwlep7EaEUklT2OjqK1hQAQKCAQEA4WqbzVLD\n44X9EG8+VGuATPnNFrtnGLpY7FZmS15LiuTyHtevgIF4kUR9XNyDKKqhp6601Tus\naY5iA51ZSgPXQFLz3Un5bGNzaZS3j1Zvu6DnORPMFIbG3m6pC6DaJb38ksLMLz62\nszJicb289l5Wj7pwK/bKrAIk6lNkEJPojosEooMLRigm9D2Kd9reOvm4Es0+WwwE\nZsCR2bG9vKD8hN56YruX8PKpb/LTT7a1SoCsHE9+U8Y/F45w6xSI7oS/fR6gOlZ6\n+M0Kuh2DTRf+VtEitAAtwbE/B4mvubM+QgvhYOLxxt882noNrEivVRPgWtMuzGrs\nYjbNeuRTLn2oxQKCAQEA0xBKLmUmseRFDWVfN7WdS3u5ebuSJxTCiNZraI5Wiqbu\ncZF6cquVz0+Ez0AqgXLUKZf+DHj+25AUZOujCOKQzUAeaBHKDBoHFGwsQwIvv2Tt\ne2bAa+cDonYmcKi2N1E28M/I/ifM45fAOQYGlP9Ppp+L239SOFSm4b0JtzFEP851\n0szxeqGIUmjxifUwQnF2y9nnl+J3hy1EzxArntEKgL2M6DJlO1KBXE3lWKxPJbJ+\n/hy6KTsUpFKlgexwXCCZ0C19Nd/U9FB+1Z/exWflEShz9sUxw/VWF+1F+PcudYy9\nFgfL+j30y0o4lVV/isgrRuGn5WIknnMvz+of0dmtAQKCAQEAi8du64haHjlU7p78\n2J58xb7VNTZqPMQ5JfyBnFTRpURI+2Ul2Brw56u/zRiUYGBGs9M7IUrKo/39u14U\nIzh0ftexjtQzTcnxpFPq64Be8stY9mTXVRcqNH4MZ0CMZYEFIQCYWueZpU8mCn/s\nsB1ZsfCbZDe5/6WovIGPeFQvjkyYSCnYkN2PIj8TITVgPtPhGA+bjhvKkujwyDxW\neqSdUcsfux+2nVvsQ5YhALo8ewGFOFz26f3x26qhTLTEIJvCnlSiaOp9gNCsyTJJ\n3EF3nuA6k8HUndpKSmNPy2hhv9TcIhc4c+i0NIog9mdwCeK0ab2wtGPNRy3Sh1UU\nW6ziPQKCAQAlODksp0/EjRGURC0fYNqFJiNWETq7w5BumwlD3d3rA3cG9fWW5SU8\n8rPj7FfSjhJV52S4hFnFFEpUZa1RcsrANy9lgMWVjr1y34SKqIcNBFpQqZUDMjDU\n5Grw8P95D8xVeP7jutcJx4fxRlvAyKkeJAKAyZoRLvRi2HgvIvP7IIhsjRGEY5nr\nlnAJuQAyp1mgpyONCDW108jPjvVyQ0DL5SFFDSYG6QzA30ezdGdcqXZ1j1FQ1gdU\n1vIy0CQcSu9046Cx8G/YSZ2kRFX/j8u4U97nRGz7NndhLslpFwXNWu05RlS1I1nY\nw5To2LPuIFBpZn+6Fq2Id52V156W3gEBAoIBAQDFnDZfqocfWGiE6sGqyFaK89jl\n4wDkphVhk5O4zS96FpTI6w23juxYTd+ZTWaxx6A1LoieEsvsYy1wbf3kr1mWpj4o\ngO0iKJDIwG8P0JP9ZNa1qYign6c7koV3cnyDIPUTZ8uZE4n4xw+UaKb/Sn2vGhrw\nO8R9clWMNrVuDzjMlI43KrxcP2G34ulVm7QxqNVP1RAHVJn2Kvr39G7dWWrqRlcu\nEJLO/ivk8hRlYPhMyNOLtM7VCceFWD5vjVbxL0zEAD7q/82wQXCBhy6kPM8IcLDL\nTsl9mA0S61bDxSInb0geJhsVRAI9zj5EIbc7evAlPPXZk0zZPY5nCRk3LE6T\n-----END RSA PRIVATE KEY-----\n",
            "version_id": "338A0C5B-4265-4F17-9659-7A3BC7299A71",
            "version_stages": [
              "AWSCURRENT"
            ]
          },
          "sensitive_attributes": [
            [
              {
                "type": "get_attr",
                "value": "secret_string"
              }
            ]
          ],
          "private": "bnVsbA==",
          "dependencies": [
            "aws_secretsmanager_secret.new-rsa-secrets",
            "tls_private_key.admin"
          ]
        }
      ]
    },
    {
      "mode": "managed",
      "type": "aws_security_group",
      "name": "allow_ssh",
      "provider": "provider[\"registry.terraform.io/hashicorp/aws\"]",
      "instances": [
        {
          "schema_version": 1,
          "attributes": {
            "arn": "arn:aws:ec2:eu-central-1:802679893191:security-group/sg-0937c67bfab3c49c1",
            "description": "allow_ssh inbound traffic",
            "egress": [
              {
                "cidr_blocks": [
                  "0.0.0.0/0"
                ],
                "description": "",
                "from_port": 0,
                "ipv6_cidr_blocks": [],
                "prefix_list_ids": [],
                "protocol": "-1",
                "security_groups": [],
                "self": false,
                "to_port": 0
              }
            ],
            "id": "sg-0937c67bfab3c49c1",
            "ingress": [
              {
                "cidr_blocks": [
                  "0.0.0.0/0"
                ],
                "description": "allow_ssh",
                "from_port": 22,
                "ipv6_cidr_blocks": [],
                "prefix_list_ids": [],
                "protocol": "tcp",
                "security_groups": [],
                "self": false,
                "to_port": 22
              }
            ],
            "name": "allow_ssh",
            "name_prefix": "",
            "owner_id": "802679893191",
            "revoke_rules_on_delete": false,
            "tags": {
              "Name": "allow_ssh"
            },
            "tags_all": {
              "Name": "allow_ssh"
            },
            "timeouts": null,
            "vpc_id": "vpc-033e60605711e1d95"
          },
          "sensitive_attributes": [],
          "private": "eyJlMmJmYjczMC1lY2FhLTExZTYtOGY4OC0zNDM2M2JjN2M0YzAiOnsiY3JlYXRlIjo2MDAwMDAwMDAwMDAsImRlbGV0ZSI6OTAwMDAwMDAwMDAwfSwic2NoZW1hX3ZlcnNpb24iOiIxIn0=",
          "dependencies": [
            "module.network.aws_vpc.tf-playground"
          ]
        }
      ]
    },
    {
      "mode": "managed",
      "type": "aws_security_group",
      "name": "ssh-and-port3000",
      "provider": "provider[\"registry.terraform.io/hashicorp/aws\"]",
      "instances": [
        {
          "schema_version": 1,
          "attributes": {
            "arn": "arn:aws:ec2:eu-central-1:802679893191:security-group/sg-090370e5135e05687",
            "description": "ssh-and-port3000 inbound traffic",
            "egress": [
              {
                "cidr_blocks": [
                  "0.0.0.0/0"
                ],
                "description": "",
                "from_port": 0,
                "ipv6_cidr_blocks": [],
                "prefix_list_ids": [],
                "protocol": "-1",
                "security_groups": [],
                "self": false,
                "to_port": 0
              }
            ],
            "id": "sg-090370e5135e05687",
            "ingress": [
              {
                "cidr_blocks": [
                  "10.0.0.0/16"
                ],
                "description": "allow port 3000",
                "from_port": 3000,
                "ipv6_cidr_blocks": [],
                "prefix_list_ids": [],
                "protocol": "tcp",
                "security_groups": [],
                "self": false,
                "to_port": 3000
              },
              {
                "cidr_blocks": [
                  "10.0.0.0/16"
                ],
                "description": "allow ssh",
                "from_port": 22,
                "ipv6_cidr_blocks": [],
                "prefix_list_ids": [],
                "protocol": "tcp",
                "security_groups": [],
                "self": false,
                "to_port": 22
              }
            ],
            "name": "ssh-and-port3000",
            "name_prefix": "",
            "owner_id": "802679893191",
            "revoke_rules_on_delete": false,
            "tags": {
              "Name": "ssh-and-port3000"
            },
            "tags_all": {
              "Name": "ssh-and-port3000"
            },
            "timeouts": null,
            "vpc_id": "vpc-033e60605711e1d95"
          },
          "sensitive_attributes": [],
          "private": "eyJlMmJmYjczMC1lY2FhLTExZTYtOGY4OC0zNDM2M2JjN2M0YzAiOnsiY3JlYXRlIjo2MDAwMDAwMDAwMDAsImRlbGV0ZSI6OTAwMDAwMDAwMDAwfSwic2NoZW1hX3ZlcnNpb24iOiIxIn0=",
          "dependencies": [
            "module.network.aws_vpc.tf-playground"
          ]
        }
      ]
    },
    {
      "mode": "managed",
      "type": "local_file",
      "name": "tf-admin-key",
      "provider": "provider[\"registry.terraform.io/hashicorp/local\"]",
      "instances": [
        {
          "schema_version": 0,
          "attributes": {
            "content": "-----BEGIN RSA PRIVATE KEY-----\nMIIJKQIBAAKCAgEAudk2ZaNPG4X+hsyLfejcLFddWtCm0/sZxIDFl9AAlRhX7oag\nmGlfGB8WfhjchhjWUh1HpiDJsS/0SzrLerUhbWqFeL2cc3tPhJ3eZh7NwMmsXsDV\npsCHMaOEJIzqSpTohGzFmsM6j59hNrMCz/jbY5uP6Vpi1c1sPtvnVPjwNkGpEYkj\n7VDn/b5y1OY4TaiNgjuF/QFsYueV+Cs/PfodGKA7lvSxg6KrfGVC0Om7vFNEAcjs\ncOQ17qzbe/ll3aRUcPNH38nqbnGq70gXyxv7ljYV8XulIlcGk6VEwc0u8ehM2PNH\nsT9fP4THgvBM4UJlhiXeBLFMaJSpQob5lGTyDBaQKg76iBKJYrFwCM1PHfQwTV2M\n/D0vnW2EVxsqfDU18Bv9C8vPJlzi40E0lmPabCMyKsiSOAPjnf7zKdTCez0RflDh\n+4jHbbhTF6i5PyPgiA+oNxo+GVDQssFq4gOMqTyru1zIaYZwPV83q/LzouzVKT2j\nY6nsyBjnXVcqQXrs2NgJrQYPdMDVhEpC9i87Tl2vIskr3GguUkB3KzOR2JvryWym\nrF6eCTAqvLAk0PXliFvQCr+679Ak9fLHZqm4f37lgVNNNdxg96MRFyFxohNF9/r7\n9yYO7AxWCKnW20NISXdarT7DZC7LEIT9ZWJUq/u4q+rZMqtObQSb5f2HycUCAwEA\nAQKCAgBt50oH6P+LIz5VsPh8yQwLHM8UOXeuvDuMvSockOEHSpIVeH/YIdgeh6Ph\nhgpDMsTrYm1QjOs5YUZyhp52Pk86SVgNAvRWRoHLxyAR+/1pGNpaXmb6abiJXk1y\n3/JdkJnAViK1VuZ2sKXolwv+uQfka8Y7FTyFeymcMqcm1OAY9dNpj1QzrzjCEbIO\nvOZm5lpovZKLACB8jL9fNxP7LsGuInOa3bFsSvJmaeuNZ+uhfwwkkhFg4VQThR12\nvxHCdL+K3BOQ//MmxQl034lSj4XEWs+3MouBNz2oan+yrAgq/lkToyquYu+MvJTP\nlhOg0ob/Qb19wOuSnPdLZE6LtvZ7tW0mCM3IHIof1ap/TthJVfWqQvXVZsl/ksEP\nHvKw3zDOaJhXYqjYzlhHOxYchlp8wA0jpt81sEsfEhBQQQ9IOTnl4xrIZLmWoNKj\n3Q7e3BgZIL5suPE66jJxAByoEHD5ATEiJ7sZIxNzj2tL8JX+EFvfbL5xr772qOoi\nWQZJp5SuqGtvFkggdBUELPPmmHyfY5vxpTA+sY0Yiaqi+ZA3fVBFWXPCB2AOg7+M\nCppMvHOyOk0xtkvVRRauRIoHe8XzPDmdnFmaOFgD7GIAHIpRWzOcCLeAC1gor4Nr\nz8fyx6Bm26dWVVPHZskhK55OufFjwlep7EaEUklT2OjqK1hQAQKCAQEA4WqbzVLD\n44X9EG8+VGuATPnNFrtnGLpY7FZmS15LiuTyHtevgIF4kUR9XNyDKKqhp6601Tus\naY5iA51ZSgPXQFLz3Un5bGNzaZS3j1Zvu6DnORPMFIbG3m6pC6DaJb38ksLMLz62\nszJicb289l5Wj7pwK/bKrAIk6lNkEJPojosEooMLRigm9D2Kd9reOvm4Es0+WwwE\nZsCR2bG9vKD8hN56YruX8PKpb/LTT7a1SoCsHE9+U8Y/F45w6xSI7oS/fR6gOlZ6\n+M0Kuh2DTRf+VtEitAAtwbE/B4mvubM+QgvhYOLxxt882noNrEivVRPgWtMuzGrs\nYjbNeuRTLn2oxQKCAQEA0xBKLmUmseRFDWVfN7WdS3u5ebuSJxTCiNZraI5Wiqbu\ncZF6cquVz0+Ez0AqgXLUKZf+DHj+25AUZOujCOKQzUAeaBHKDBoHFGwsQwIvv2Tt\ne2bAa+cDonYmcKi2N1E28M/I/ifM45fAOQYGlP9Ppp+L239SOFSm4b0JtzFEP851\n0szxeqGIUmjxifUwQnF2y9nnl+J3hy1EzxArntEKgL2M6DJlO1KBXE3lWKxPJbJ+\n/hy6KTsUpFKlgexwXCCZ0C19Nd/U9FB+1Z/exWflEShz9sUxw/VWF+1F+PcudYy9\nFgfL+j30y0o4lVV/isgrRuGn5WIknnMvz+of0dmtAQKCAQEAi8du64haHjlU7p78\n2J58xb7VNTZqPMQ5JfyBnFTRpURI+2Ul2Brw56u/zRiUYGBGs9M7IUrKo/39u14U\nIzh0ftexjtQzTcnxpFPq64Be8stY9mTXVRcqNH4MZ0CMZYEFIQCYWueZpU8mCn/s\nsB1ZsfCbZDe5/6WovIGPeFQvjkyYSCnYkN2PIj8TITVgPtPhGA+bjhvKkujwyDxW\neqSdUcsfux+2nVvsQ5YhALo8ewGFOFz26f3x26qhTLTEIJvCnlSiaOp9gNCsyTJJ\n3EF3nuA6k8HUndpKSmNPy2hhv9TcIhc4c+i0NIog9mdwCeK0ab2wtGPNRy3Sh1UU\nW6ziPQKCAQAlODksp0/EjRGURC0fYNqFJiNWETq7w5BumwlD3d3rA3cG9fWW5SU8\n8rPj7FfSjhJV52S4hFnFFEpUZa1RcsrANy9lgMWVjr1y34SKqIcNBFpQqZUDMjDU\n5Grw8P95D8xVeP7jutcJx4fxRlvAyKkeJAKAyZoRLvRi2HgvIvP7IIhsjRGEY5nr\nlnAJuQAyp1mgpyONCDW108jPjvVyQ0DL5SFFDSYG6QzA30ezdGdcqXZ1j1FQ1gdU\n1vIy0CQcSu9046Cx8G/YSZ2kRFX/j8u4U97nRGz7NndhLslpFwXNWu05RlS1I1nY\nw5To2LPuIFBpZn+6Fq2Id52V156W3gEBAoIBAQDFnDZfqocfWGiE6sGqyFaK89jl\n4wDkphVhk5O4zS96FpTI6w23juxYTd+ZTWaxx6A1LoieEsvsYy1wbf3kr1mWpj4o\ngO0iKJDIwG8P0JP9ZNa1qYign6c7koV3cnyDIPUTZ8uZE4n4xw+UaKb/Sn2vGhrw\nO8R9clWMNrVuDzjMlI43KrxcP2G34ulVm7QxqNVP1RAHVJn2Kvr39G7dWWrqRlcu\nEJLO/ivk8hRlYPhMyNOLtM7VCceFWD5vjVbxL0zEAD7q/82wQXCBhy6kPM8IcLDL\nTsl9mA0S61bDxSInb0geJhsVRAI9zj5EIbc7evAlPPXZk0zZPY5nCRk3LE6T\n-----END RSA PRIVATE KEY-----\n",
            "content_base64": null,
            "directory_permission": "0777",
            "file_permission": "0777",
            "filename": "tfkey",
            "id": "780bfe967a18e42441da077707310cafd04f8c3d",
            "sensitive_content": null,
            "source": null
          },
          "sensitive_attributes": [
            [
              {
                "type": "get_attr",
                "value": "content"
              }
            ]
          ],
          "private": "bnVsbA==",
          "dependencies": [
            "tls_private_key.admin"
          ]
        }
      ]
    },
    {
      "mode": "managed",
      "type": "tls_private_key",
      "name": "admin",
      "provider": "provider[\"registry.terraform.io/hashicorp/tls\"]",
      "instances": [
        {
          "schema_version": 0,
          "attributes": {
            "algorithm": "RSA",
            "ecdsa_curve": "P224",
            "id": "6bd80cb0f065716d9ae58b07682182509a9bb3f1",
            "private_key_openssh": "-----BEGIN OPENSSH PRIVATE KEY-----\nb3BlbnNzaC1rZXktdjEAAAAABG5vbmUAAAAEbm9uZQAAAAAAAAABAAACFwAAAAdz\nc2gtcnNhAAAAAwEAAQAAAgEAudk2ZaNPG4X+hsyLfejcLFddWtCm0/sZxIDFl9AA\nlRhX7oagmGlfGB8WfhjchhjWUh1HpiDJsS/0SzrLerUhbWqFeL2cc3tPhJ3eZh7N\nwMmsXsDVpsCHMaOEJIzqSpTohGzFmsM6j59hNrMCz/jbY5uP6Vpi1c1sPtvnVPjw\nNkGpEYkj7VDn/b5y1OY4TaiNgjuF/QFsYueV+Cs/PfodGKA7lvSxg6KrfGVC0Om7\nvFNEAcjscOQ17qzbe/ll3aRUcPNH38nqbnGq70gXyxv7ljYV8XulIlcGk6VEwc0u\n8ehM2PNHsT9fP4THgvBM4UJlhiXeBLFMaJSpQob5lGTyDBaQKg76iBKJYrFwCM1P\nHfQwTV2M/D0vnW2EVxsqfDU18Bv9C8vPJlzi40E0lmPabCMyKsiSOAPjnf7zKdTC\nez0RflDh+4jHbbhTF6i5PyPgiA+oNxo+GVDQssFq4gOMqTyru1zIaYZwPV83q/Lz\nouzVKT2jY6nsyBjnXVcqQXrs2NgJrQYPdMDVhEpC9i87Tl2vIskr3GguUkB3KzOR\n2JvryWymrF6eCTAqvLAk0PXliFvQCr+679Ak9fLHZqm4f37lgVNNNdxg96MRFyFx\nohNF9/r79yYO7AxWCKnW20NISXdarT7DZC7LEIT9ZWJUq/u4q+rZMqtObQSb5f2H\nycUAAAc4u0Z9mrtGfZoAAAAHc3NoLXJzYQAAAgEAudk2ZaNPG4X+hsyLfejcLFdd\nWtCm0/sZxIDFl9AAlRhX7oagmGlfGB8WfhjchhjWUh1HpiDJsS/0SzrLerUhbWqF\neL2cc3tPhJ3eZh7NwMmsXsDVpsCHMaOEJIzqSpTohGzFmsM6j59hNrMCz/jbY5uP\n6Vpi1c1sPtvnVPjwNkGpEYkj7VDn/b5y1OY4TaiNgjuF/QFsYueV+Cs/PfodGKA7\nlvSxg6KrfGVC0Om7vFNEAcjscOQ17qzbe/ll3aRUcPNH38nqbnGq70gXyxv7ljYV\n8XulIlcGk6VEwc0u8ehM2PNHsT9fP4THgvBM4UJlhiXeBLFMaJSpQob5lGTyDBaQ\nKg76iBKJYrFwCM1PHfQwTV2M/D0vnW2EVxsqfDU18Bv9C8vPJlzi40E0lmPabCMy\nKsiSOAPjnf7zKdTCez0RflDh+4jHbbhTF6i5PyPgiA+oNxo+GVDQssFq4gOMqTyr\nu1zIaYZwPV83q/LzouzVKT2jY6nsyBjnXVcqQXrs2NgJrQYPdMDVhEpC9i87Tl2v\nIskr3GguUkB3KzOR2JvryWymrF6eCTAqvLAk0PXliFvQCr+679Ak9fLHZqm4f37l\ngVNNNdxg96MRFyFxohNF9/r79yYO7AxWCKnW20NISXdarT7DZC7LEIT9ZWJUq/u4\nq+rZMqtObQSb5f2HycUAAAADAQABAAACAG3nSgfo/4sjPlWw+HzJDAsczxQ5d668\nO4y9KhyQ4QdKkhV4f9gh2B6Ho+GGCkMyxOtibVCM6zlhRnKGnnY+TzpJWA0C9FZG\ngcvHIBH7/WkY2lpeZvppuIleTXLf8l2QmcBWIrVW5nawpeiXC/65B+RrxjsVPIV7\nKZwypybU4Bj102mPVDOvOMIRsg685mbmWmi9kosAIHyMv183E/suwa4ic5rdsWxK\n8mZp641n66F/DCSSEWDhVBOFHXa/EcJ0v4rcE5D/8ybFCXTfiVKPhcRaz7cyi4E3\nPahqf7KsCCr+WROjKq5i74y8lM+WE6DShv9BvX3A65Kc90tkTou29nu1bSYIzcgc\nih/Vqn9O2ElV9apC9dVmyX+SwQ8e8rDfMM5omFdiqNjOWEc7FhyGWnzADSOm3zWw\nSx8SEFBBD0g5OeXjGshkuZag0qPdDt7cGBkgvmy48TrqMnEAHKgQcPkBMSInuxkj\nE3OPa0vwlf4QW99svnGvvvao6iJZBkmnlK6oa28WSCB0FQQs8+aYfJ9jm/GlMD6x\njRiJqqL5kDd9UEVZc8IHYA6Dv4wKmky8c7I6TTG2S9VFFq5Eigd7xfM8OZ2cWZo4\nWAPsYgAcilFbM5wIt4ALWCivg2vPx/LHoGbbp1ZVU8dmySErnk658WPCV6nsRoRS\nSVPY6OorWFABAAABAQDFnDZfqocfWGiE6sGqyFaK89jl4wDkphVhk5O4zS96FpTI\n6w23juxYTd+ZTWaxx6A1LoieEsvsYy1wbf3kr1mWpj4ogO0iKJDIwG8P0JP9ZNa1\nqYign6c7koV3cnyDIPUTZ8uZE4n4xw+UaKb/Sn2vGhrwO8R9clWMNrVuDzjMlI43\nKrxcP2G34ulVm7QxqNVP1RAHVJn2Kvr39G7dWWrqRlcuEJLO/ivk8hRlYPhMyNOL\ntM7VCceFWD5vjVbxL0zEAD7q/82wQXCBhy6kPM8IcLDLTsl9mA0S61bDxSInb0ge\nJhsVRAI9zj5EIbc7evAlPPXZk0zZPY5nCRk3LE6TAAABAQDhapvNUsPjhf0Qbz5U\na4BM+c0Wu2cYuljsVmZLXkuK5PIe16+AgXiRRH1c3IMoqqGnrrTVO6xpjmIDnVlK\nA9dAUvPdSflsY3NplLePVm+7oOc5E8wUhsbebqkLoNolvfySwswvPrazMmJxvbz2\nXlaPunAr9sqsAiTqU2QQk+iOiwSigwtGKCb0PYp32t46+bgSzT5bDARmwJHZsb28\noPyE3npiu5fw8qlv8tNPtrVKgKwcT35Txj8XjnDrFIjuhL99HqA6Vnr4zQq6HYNN\nF/5W0SK0AC3BsT8Hia+5sz5CC+Fg4vHG3zzaeg2sSK9VE+Ba0y7MauxiNs165FMu\nfajFAAABAQDTEEouZSax5EUNZV83tZ1Le7l5u5InFMKI1mtojlaKpu5xkXpyq5XP\nT4TPQCqBctQpl/4MeP7bkBRk66MI4pDNQB5oEcoMGgcUbCxDAi+/ZO17ZsBr5wOi\ndiZwqLY3UTbwz8j+J8zjl8A5BgaU/0+mn4vbf1I4VKbhvQm3MUQ/znXSzPF6oYhS\naPGJ9TBCcXbL2eeX4neHLUTPECue0QqAvYzoMmU7UoFcTeVYrE8lsn7+HLopOxSk\nUqWB7HBcIJnQLX0139T0UH7Vn97FZ+URKHP2xTHD9VYX7UX49y51jL0WB8v6PfTL\nSjiVVX+KyCtG4aflYiSecy/P6h/R2a0BAAAAAAEC\n-----END OPENSSH PRIVATE KEY-----\n",
            "private_key_pem": "-----BEGIN RSA PRIVATE KEY-----\nMIIJKQIBAAKCAgEAudk2ZaNPG4X+hsyLfejcLFddWtCm0/sZxIDFl9AAlRhX7oag\nmGlfGB8WfhjchhjWUh1HpiDJsS/0SzrLerUhbWqFeL2cc3tPhJ3eZh7NwMmsXsDV\npsCHMaOEJIzqSpTohGzFmsM6j59hNrMCz/jbY5uP6Vpi1c1sPtvnVPjwNkGpEYkj\n7VDn/b5y1OY4TaiNgjuF/QFsYueV+Cs/PfodGKA7lvSxg6KrfGVC0Om7vFNEAcjs\ncOQ17qzbe/ll3aRUcPNH38nqbnGq70gXyxv7ljYV8XulIlcGk6VEwc0u8ehM2PNH\nsT9fP4THgvBM4UJlhiXeBLFMaJSpQob5lGTyDBaQKg76iBKJYrFwCM1PHfQwTV2M\n/D0vnW2EVxsqfDU18Bv9C8vPJlzi40E0lmPabCMyKsiSOAPjnf7zKdTCez0RflDh\n+4jHbbhTF6i5PyPgiA+oNxo+GVDQssFq4gOMqTyru1zIaYZwPV83q/LzouzVKT2j\nY6nsyBjnXVcqQXrs2NgJrQYPdMDVhEpC9i87Tl2vIskr3GguUkB3KzOR2JvryWym\nrF6eCTAqvLAk0PXliFvQCr+679Ak9fLHZqm4f37lgVNNNdxg96MRFyFxohNF9/r7\n9yYO7AxWCKnW20NISXdarT7DZC7LEIT9ZWJUq/u4q+rZMqtObQSb5f2HycUCAwEA\nAQKCAgBt50oH6P+LIz5VsPh8yQwLHM8UOXeuvDuMvSockOEHSpIVeH/YIdgeh6Ph\nhgpDMsTrYm1QjOs5YUZyhp52Pk86SVgNAvRWRoHLxyAR+/1pGNpaXmb6abiJXk1y\n3/JdkJnAViK1VuZ2sKXolwv+uQfka8Y7FTyFeymcMqcm1OAY9dNpj1QzrzjCEbIO\nvOZm5lpovZKLACB8jL9fNxP7LsGuInOa3bFsSvJmaeuNZ+uhfwwkkhFg4VQThR12\nvxHCdL+K3BOQ//MmxQl034lSj4XEWs+3MouBNz2oan+yrAgq/lkToyquYu+MvJTP\nlhOg0ob/Qb19wOuSnPdLZE6LtvZ7tW0mCM3IHIof1ap/TthJVfWqQvXVZsl/ksEP\nHvKw3zDOaJhXYqjYzlhHOxYchlp8wA0jpt81sEsfEhBQQQ9IOTnl4xrIZLmWoNKj\n3Q7e3BgZIL5suPE66jJxAByoEHD5ATEiJ7sZIxNzj2tL8JX+EFvfbL5xr772qOoi\nWQZJp5SuqGtvFkggdBUELPPmmHyfY5vxpTA+sY0Yiaqi+ZA3fVBFWXPCB2AOg7+M\nCppMvHOyOk0xtkvVRRauRIoHe8XzPDmdnFmaOFgD7GIAHIpRWzOcCLeAC1gor4Nr\nz8fyx6Bm26dWVVPHZskhK55OufFjwlep7EaEUklT2OjqK1hQAQKCAQEA4WqbzVLD\n44X9EG8+VGuATPnNFrtnGLpY7FZmS15LiuTyHtevgIF4kUR9XNyDKKqhp6601Tus\naY5iA51ZSgPXQFLz3Un5bGNzaZS3j1Zvu6DnORPMFIbG3m6pC6DaJb38ksLMLz62\nszJicb289l5Wj7pwK/bKrAIk6lNkEJPojosEooMLRigm9D2Kd9reOvm4Es0+WwwE\nZsCR2bG9vKD8hN56YruX8PKpb/LTT7a1SoCsHE9+U8Y/F45w6xSI7oS/fR6gOlZ6\n+M0Kuh2DTRf+VtEitAAtwbE/B4mvubM+QgvhYOLxxt882noNrEivVRPgWtMuzGrs\nYjbNeuRTLn2oxQKCAQEA0xBKLmUmseRFDWVfN7WdS3u5ebuSJxTCiNZraI5Wiqbu\ncZF6cquVz0+Ez0AqgXLUKZf+DHj+25AUZOujCOKQzUAeaBHKDBoHFGwsQwIvv2Tt\ne2bAa+cDonYmcKi2N1E28M/I/ifM45fAOQYGlP9Ppp+L239SOFSm4b0JtzFEP851\n0szxeqGIUmjxifUwQnF2y9nnl+J3hy1EzxArntEKgL2M6DJlO1KBXE3lWKxPJbJ+\n/hy6KTsUpFKlgexwXCCZ0C19Nd/U9FB+1Z/exWflEShz9sUxw/VWF+1F+PcudYy9\nFgfL+j30y0o4lVV/isgrRuGn5WIknnMvz+of0dmtAQKCAQEAi8du64haHjlU7p78\n2J58xb7VNTZqPMQ5JfyBnFTRpURI+2Ul2Brw56u/zRiUYGBGs9M7IUrKo/39u14U\nIzh0ftexjtQzTcnxpFPq64Be8stY9mTXVRcqNH4MZ0CMZYEFIQCYWueZpU8mCn/s\nsB1ZsfCbZDe5/6WovIGPeFQvjkyYSCnYkN2PIj8TITVgPtPhGA+bjhvKkujwyDxW\neqSdUcsfux+2nVvsQ5YhALo8ewGFOFz26f3x26qhTLTEIJvCnlSiaOp9gNCsyTJJ\n3EF3nuA6k8HUndpKSmNPy2hhv9TcIhc4c+i0NIog9mdwCeK0ab2wtGPNRy3Sh1UU\nW6ziPQKCAQAlODksp0/EjRGURC0fYNqFJiNWETq7w5BumwlD3d3rA3cG9fWW5SU8\n8rPj7FfSjhJV52S4hFnFFEpUZa1RcsrANy9lgMWVjr1y34SKqIcNBFpQqZUDMjDU\n5Grw8P95D8xVeP7jutcJx4fxRlvAyKkeJAKAyZoRLvRi2HgvIvP7IIhsjRGEY5nr\nlnAJuQAyp1mgpyONCDW108jPjvVyQ0DL5SFFDSYG6QzA30ezdGdcqXZ1j1FQ1gdU\n1vIy0CQcSu9046Cx8G/YSZ2kRFX/j8u4U97nRGz7NndhLslpFwXNWu05RlS1I1nY\nw5To2LPuIFBpZn+6Fq2Id52V156W3gEBAoIBAQDFnDZfqocfWGiE6sGqyFaK89jl\n4wDkphVhk5O4zS96FpTI6w23juxYTd+ZTWaxx6A1LoieEsvsYy1wbf3kr1mWpj4o\ngO0iKJDIwG8P0JP9ZNa1qYign6c7koV3cnyDIPUTZ8uZE4n4xw+UaKb/Sn2vGhrw\nO8R9clWMNrVuDzjMlI43KrxcP2G34ulVm7QxqNVP1RAHVJn2Kvr39G7dWWrqRlcu\nEJLO/ivk8hRlYPhMyNOLtM7VCceFWD5vjVbxL0zEAD7q/82wQXCBhy6kPM8IcLDL\nTsl9mA0S61bDxSInb0geJhsVRAI9zj5EIbc7evAlPPXZk0zZPY5nCRk3LE6T\n-----END RSA PRIVATE KEY-----\n",
            "public_key_fingerprint_md5": "03:bf:bd:72:db:05:4b:a1:92:67:45:7e:e2:f4:5d:f0",
            "public_key_fingerprint_sha256": "SHA256:7/SAbnN2JhwchIfhaRGWQ1Z51W73SytJkV4vh4n3UzQ",
            "public_key_openssh": "ssh-rsa AAAAB3NzaC1yc2EAAAADAQABAAACAQC52TZlo08bhf6GzIt96NwsV11a0KbT+xnEgMWX0ACVGFfuhqCYaV8YHxZ+GNyGGNZSHUemIMmxL/RLOst6tSFtaoV4vZxze0+End5mHs3AyaxewNWmwIcxo4QkjOpKlOiEbMWawzqPn2E2swLP+Ntjm4/pWmLVzWw+2+dU+PA2QakRiSPtUOf9vnLU5jhNqI2CO4X9AWxi55X4Kz89+h0YoDuW9LGDoqt8ZULQ6bu8U0QByOxw5DXurNt7+WXdpFRw80ffyepucarvSBfLG/uWNhXxe6UiVwaTpUTBzS7x6EzY80exP18/hMeC8EzhQmWGJd4EsUxolKlChvmUZPIMFpAqDvqIEolisXAIzU8d9DBNXYz8PS+dbYRXGyp8NTXwG/0Ly88mXOLjQTSWY9psIzIqyJI4A+Od/vMp1MJ7PRF+UOH7iMdtuFMXqLk/I+CID6g3Gj4ZUNCywWriA4ypPKu7XMhphnA9Xzer8vOi7NUpPaNjqezIGOddVypBeuzY2AmtBg90wNWESkL2LztOXa8iySvcaC5SQHcrM5HYm+vJbKasXp4JMCq8sCTQ9eWIW9AKv7rv0CT18sdmqbh/fuWBU0013GD3oxEXIXGiE0X3+vv3Jg7sDFYIqdbbQ0hJd1qtPsNkLssQhP1lYlSr+7ir6tkyq05tBJvl/YfJxQ==\n",
            "public_key_pem": "-----BEGIN PUBLIC KEY-----\nMIICIjANBgkqhkiG9w0BAQEFAAOCAg8AMIICCgKCAgEAudk2ZaNPG4X+hsyLfejc\nLFddWtCm0/sZxIDFl9AAlRhX7oagmGlfGB8WfhjchhjWUh1HpiDJsS/0SzrLerUh\nbWqFeL2cc3tPhJ3eZh7NwMmsXsDVpsCHMaOEJIzqSpTohGzFmsM6j59hNrMCz/jb\nY5uP6Vpi1c1sPtvnVPjwNkGpEYkj7VDn/b5y1OY4TaiNgjuF/QFsYueV+Cs/Pfod\nGKA7lvSxg6KrfGVC0Om7vFNEAcjscOQ17qzbe/ll3aRUcPNH38nqbnGq70gXyxv7\nljYV8XulIlcGk6VEwc0u8ehM2PNHsT9fP4THgvBM4UJlhiXeBLFMaJSpQob5lGTy\nDBaQKg76iBKJYrFwCM1PHfQwTV2M/D0vnW2EVxsqfDU18Bv9C8vPJlzi40E0lmPa\nbCMyKsiSOAPjnf7zKdTCez0RflDh+4jHbbhTF6i5PyPgiA+oNxo+GVDQssFq4gOM\nqTyru1zIaYZwPV83q/LzouzVKT2jY6nsyBjnXVcqQXrs2NgJrQYPdMDVhEpC9i87\nTl2vIskr3GguUkB3KzOR2JvryWymrF6eCTAqvLAk0PXliFvQCr+679Ak9fLHZqm4\nf37lgVNNNdxg96MRFyFxohNF9/r79yYO7AxWCKnW20NISXdarT7DZC7LEIT9ZWJU\nq/u4q+rZMqtObQSb5f2HycUCAwEAAQ==\n-----END PUBLIC KEY-----\n",
            "rsa_bits": 4096
          },
          "sensitive_attributes": [],
          "private": "bnVsbA=="
        }
      ]
    },
    {
      "module": "module.network",
      "mode": "managed",
      "type": "aws_eip",
      "name": "nat_eip",
      "provider": "provider[\"registry.terraform.io/hashicorp/aws\"]",
      "instances": [
        {
          "schema_version": 0,
          "attributes": {
            "address": null,
            "allocation_id": "eipalloc-03cbbb363dddc98b4",
            "associate_with_private_ip": null,
            "association_id": "eipassoc-00035da4ebf1aaa04",
            "carrier_ip": "",
            "customer_owned_ip": "",
            "customer_owned_ipv4_pool": "",
            "domain": "vpc",
            "id": "eipalloc-03cbbb363dddc98b4",
            "instance": "",
            "network_border_group": "eu-central-1",
            "network_interface": "eni-0aadecb28c5b79fee",
            "private_dns": "ip-10-0-1-138.eu-central-1.compute.internal",
            "private_ip": "10.0.1.138",
            "public_dns": "ec2-3-74-202-86.eu-central-1.compute.amazonaws.com",
            "public_ip": "3.74.202.86",
            "public_ipv4_pool": "amazon",
            "tags": {
              "Name": "nat_eip"
            },
            "tags_all": {
              "Name": "nat_eip"
            },
            "timeouts": null,
            "vpc": true
          },
          "sensitive_attributes": [],
          "private": "eyJlMmJmYjczMC1lY2FhLTExZTYtOGY4OC0zNDM2M2JjN2M0YzAiOnsiZGVsZXRlIjoxODAwMDAwMDAwMDAsInJlYWQiOjkwMDAwMDAwMDAwMCwidXBkYXRlIjozMDAwMDAwMDAwMDB9fQ==",
          "dependencies": [
            "module.network.aws_internet_gateway.tf-igw",
            "module.network.aws_vpc.tf-playground"
          ]
        }
      ]
    },
    {
      "module": "module.network",
      "mode": "managed",
      "type": "aws_internet_gateway",
      "name": "tf-igw",
      "provider": "provider[\"registry.terraform.io/hashicorp/aws\"]",
      "instances": [
        {
          "schema_version": 0,
          "attributes": {
            "arn": "arn:aws:ec2:eu-central-1:802679893191:internet-gateway/igw-0edca40dc1ff35b5f",
            "id": "igw-0edca40dc1ff35b5f",
            "owner_id": "802679893191",
            "tags": {
              "Name": "tf-igw"
            },
            "tags_all": {
              "Name": "tf-igw"
            },
            "vpc_id": "vpc-033e60605711e1d95"
          },
          "sensitive_attributes": [],
          "private": "bnVsbA==",
          "dependencies": [
            "module.network.aws_vpc.tf-playground"
          ]
        }
      ]
    },
    {
      "module": "module.network",
      "mode": "managed",
      "type": "aws_nat_gateway",
      "name": "tf-nat",
      "provider": "provider[\"registry.terraform.io/hashicorp/aws\"]",
      "instances": [
        {
          "schema_version": 0,
          "attributes": {
            "allocation_id": "eipalloc-03cbbb363dddc98b4",
            "connectivity_type": "public",
            "id": "nat-07e61a6e5d06cdd0b",
            "network_interface_id": "eni-0aadecb28c5b79fee",
            "private_ip": "10.0.1.138",
            "public_ip": "3.74.202.86",
            "subnet_id": "subnet-0c2029ca3f31f3a5f",
            "tags": {
              "Name": "tf-nat"
            },
            "tags_all": {
              "Name": "tf-nat"
            }
          },
          "sensitive_attributes": [],
          "private": "bnVsbA==",
          "dependencies": [
            "module.network.aws_eip.nat_eip",
            "module.network.aws_internet_gateway.tf-igw",
            "module.network.aws_subnet.public-sub-1",
            "module.network.aws_vpc.tf-playground"
          ]
        }
      ]
    },
    {
      "module": "module.network",
      "mode": "managed",
      "type": "aws_route_table",
      "name": "igw-routes",
      "provider": "provider[\"registry.terraform.io/hashicorp/aws\"]",
      "instances": [
        {
          "schema_version": 0,
          "attributes": {
            "arn": "arn:aws:ec2:eu-central-1:802679893191:route-table/rtb-0fcacc154110bcaff",
            "id": "rtb-0fcacc154110bcaff",
            "owner_id": "802679893191",
            "propagating_vgws": [],
            "route": [
              {
                "carrier_gateway_id": "",
                "cidr_block": "0.0.0.0/0",
                "core_network_arn": "",
                "destination_prefix_list_id": "",
                "egress_only_gateway_id": "",
                "gateway_id": "igw-0edca40dc1ff35b5f",
                "instance_id": "",
                "ipv6_cidr_block": "",
                "local_gateway_id": "",
                "nat_gateway_id": "",
                "network_interface_id": "",
                "transit_gateway_id": "",
                "vpc_endpoint_id": "",
                "vpc_peering_connection_id": ""
              }
            ],
            "tags": {
              "Name": "igw-routes"
            },
            "tags_all": {
              "Name": "igw-routes"
            },
            "timeouts": null,
            "vpc_id": "vpc-033e60605711e1d95"
          },
          "sensitive_attributes": [],
          "private": "eyJlMmJmYjczMC1lY2FhLTExZTYtOGY4OC0zNDM2M2JjN2M0YzAiOnsiY3JlYXRlIjozMDAwMDAwMDAwMDAsImRlbGV0ZSI6MzAwMDAwMDAwMDAwLCJ1cGRhdGUiOjEyMDAwMDAwMDAwMH19",
          "dependencies": [
            "module.network.aws_internet_gateway.tf-igw",
            "module.network.aws_vpc.tf-playground"
          ]
        }
      ]
    },
    {
      "module": "module.network",
      "mode": "managed",
      "type": "aws_route_table",
      "name": "nat-routes",
      "provider": "provider[\"registry.terraform.io/hashicorp/aws\"]",
      "instances": [
        {
          "schema_version": 0,
          "attributes": {
            "arn": "arn:aws:ec2:eu-central-1:802679893191:route-table/rtb-0d9db568145dcfcc9",
            "id": "rtb-0d9db568145dcfcc9",
            "owner_id": "802679893191",
            "propagating_vgws": [],
            "route": [
              {
                "carrier_gateway_id": "",
                "cidr_block": "0.0.0.0/0",
                "core_network_arn": "",
                "destination_prefix_list_id": "",
                "egress_only_gateway_id": "",
                "gateway_id": "",
                "instance_id": "",
                "ipv6_cidr_block": "",
                "local_gateway_id": "",
                "nat_gateway_id": "nat-07e61a6e5d06cdd0b",
                "network_interface_id": "",
                "transit_gateway_id": "",
                "vpc_endpoint_id": "",
                "vpc_peering_connection_id": ""
              }
            ],
            "tags": {
              "Name": "nat-routes"
            },
            "tags_all": {
              "Name": "nat-routes"
            },
            "timeouts": null,
            "vpc_id": "vpc-033e60605711e1d95"
          },
          "sensitive_attributes": [],
          "private": "eyJlMmJmYjczMC1lY2FhLTExZTYtOGY4OC0zNDM2M2JjN2M0YzAiOnsiY3JlYXRlIjozMDAwMDAwMDAwMDAsImRlbGV0ZSI6MzAwMDAwMDAwMDAwLCJ1cGRhdGUiOjEyMDAwMDAwMDAwMH19",
          "dependencies": [
            "module.network.aws_eip.nat_eip",
            "module.network.aws_internet_gateway.tf-igw",
            "module.network.aws_nat_gateway.tf-nat",
            "module.network.aws_subnet.public-sub-1",
            "module.network.aws_vpc.tf-playground"
          ]
        }
      ]
    },
    {
      "module": "module.network",
      "mode": "managed",
      "type": "aws_route_table_association",
      "name": "igw-route-association-a",
      "provider": "provider[\"registry.terraform.io/hashicorp/aws\"]",
      "instances": [
        {
          "schema_version": 0,
          "attributes": {
            "gateway_id": "",
            "id": "rtbassoc-0f46d2845acf81aca",
            "route_table_id": "rtb-0fcacc154110bcaff",
            "subnet_id": "subnet-0c2029ca3f31f3a5f"
          },
          "sensitive_attributes": [],
          "private": "bnVsbA==",
          "dependencies": [
            "module.network.aws_internet_gateway.tf-igw",
            "module.network.aws_route_table.igw-routes",
            "module.network.aws_subnet.public-sub-1",
            "module.network.aws_vpc.tf-playground"
          ]
        }
      ]
    },
    {
      "module": "module.network",
      "mode": "managed",
      "type": "aws_route_table_association",
      "name": "igw-route-association-b",
      "provider": "provider[\"registry.terraform.io/hashicorp/aws\"]",
      "instances": [
        {
          "schema_version": 0,
          "attributes": {
            "gateway_id": "",
            "id": "rtbassoc-0ec1b531538fc34c3",
            "route_table_id": "rtb-0fcacc154110bcaff",
            "subnet_id": "subnet-0d1a8e1ffe5cd90bc"
          },
          "sensitive_attributes": [],
          "private": "bnVsbA==",
          "dependencies": [
            "module.network.aws_internet_gateway.tf-igw",
            "module.network.aws_route_table.igw-routes",
            "module.network.aws_subnet.public-sub-2",
            "module.network.aws_vpc.tf-playground"
          ]
        }
      ]
    },
    {
      "module": "module.network",
      "mode": "managed",
      "type": "aws_route_table_association",
      "name": "nat-route-association-a",
      "provider": "provider[\"registry.terraform.io/hashicorp/aws\"]",
      "instances": [
        {
          "schema_version": 0,
          "attributes": {
            "gateway_id": "",
            "id": "rtbassoc-09c7fd07f28534f71",
            "route_table_id": "rtb-0d9db568145dcfcc9",
            "subnet_id": "subnet-0f46466bbc3cb81b7"
          },
          "sensitive_attributes": [],
          "private": "bnVsbA==",
          "dependencies": [
            "module.network.aws_eip.nat_eip",
            "module.network.aws_internet_gateway.tf-igw",
            "module.network.aws_nat_gateway.tf-nat",
            "module.network.aws_route_table.nat-routes",
            "module.network.aws_subnet.private-sub-1",
            "module.network.aws_subnet.public-sub-1",
            "module.network.aws_vpc.tf-playground"
          ]
        }
      ]
    },
    {
      "module": "module.network",
      "mode": "managed",
      "type": "aws_route_table_association",
      "name": "nat-route-association-b",
      "provider": "provider[\"registry.terraform.io/hashicorp/aws\"]",
      "instances": [
        {
          "schema_version": 0,
          "attributes": {
            "gateway_id": "",
            "id": "rtbassoc-020efee44d4657173",
            "route_table_id": "rtb-0d9db568145dcfcc9",
            "subnet_id": "subnet-08598f110caf3e822"
          },
          "sensitive_attributes": [],
          "private": "bnVsbA==",
          "dependencies": [
            "module.network.aws_eip.nat_eip",
            "module.network.aws_internet_gateway.tf-igw",
            "module.network.aws_nat_gateway.tf-nat",
            "module.network.aws_route_table.nat-routes",
            "module.network.aws_subnet.private-sub-2",
            "module.network.aws_subnet.public-sub-1",
            "module.network.aws_vpc.tf-playground"
          ]
        }
      ]
    },
    {
      "module": "module.network",
      "mode": "managed",
      "type": "aws_subnet",
      "name": "private-sub-1",
      "provider": "provider[\"registry.terraform.io/hashicorp/aws\"]",
      "instances": [
        {
          "schema_version": 1,
          "attributes": {
            "arn": "arn:aws:ec2:eu-central-1:802679893191:subnet/subnet-0f46466bbc3cb81b7",
            "assign_ipv6_address_on_creation": false,
            "availability_zone": "eu-central-1a",
            "availability_zone_id": "euc1-az2",
            "cidr_block": "10.0.3.0/24",
            "customer_owned_ipv4_pool": "",
            "enable_dns64": false,
            "enable_resource_name_dns_a_record_on_launch": false,
            "enable_resource_name_dns_aaaa_record_on_launch": false,
            "id": "subnet-0f46466bbc3cb81b7",
            "ipv6_cidr_block": "",
            "ipv6_cidr_block_association_id": "",
            "ipv6_native": false,
            "map_customer_owned_ip_on_launch": false,
            "map_public_ip_on_launch": false,
            "outpost_arn": "",
            "owner_id": "802679893191",
            "private_dns_hostname_type_on_launch": "ip-name",
            "tags": {
              "Name": "private-sub-1"
            },
            "tags_all": {
              "Name": "private-sub-1"
            },
            "timeouts": null,
            "vpc_id": "vpc-033e60605711e1d95"
          },
          "sensitive_attributes": [],
          "private": "eyJlMmJmYjczMC1lY2FhLTExZTYtOGY4OC0zNDM2M2JjN2M0YzAiOnsiY3JlYXRlIjo2MDAwMDAwMDAwMDAsImRlbGV0ZSI6MTIwMDAwMDAwMDAwMH0sInNjaGVtYV92ZXJzaW9uIjoiMSJ9",
          "dependencies": [
            "module.network.aws_vpc.tf-playground"
          ]
        }
      ]
    },
    {
      "module": "module.network",
      "mode": "managed",
      "type": "aws_subnet",
      "name": "private-sub-2",
      "provider": "provider[\"registry.terraform.io/hashicorp/aws\"]",
      "instances": [
        {
          "schema_version": 1,
          "attributes": {
            "arn": "arn:aws:ec2:eu-central-1:802679893191:subnet/subnet-08598f110caf3e822",
            "assign_ipv6_address_on_creation": false,
            "availability_zone": "eu-central-1b",
            "availability_zone_id": "euc1-az3",
            "cidr_block": "10.0.4.0/24",
            "customer_owned_ipv4_pool": "",
            "enable_dns64": false,
            "enable_resource_name_dns_a_record_on_launch": false,
            "enable_resource_name_dns_aaaa_record_on_launch": false,
            "id": "subnet-08598f110caf3e822",
            "ipv6_cidr_block": "",
            "ipv6_cidr_block_association_id": "",
            "ipv6_native": false,
            "map_customer_owned_ip_on_launch": false,
            "map_public_ip_on_launch": false,
            "outpost_arn": "",
            "owner_id": "802679893191",
            "private_dns_hostname_type_on_launch": "ip-name",
            "tags": {
              "Name": "private-sub-2"
            },
            "tags_all": {
              "Name": "private-sub-2"
            },
            "timeouts": null,
            "vpc_id": "vpc-033e60605711e1d95"
          },
          "sensitive_attributes": [],
          "private": "eyJlMmJmYjczMC1lY2FhLTExZTYtOGY4OC0zNDM2M2JjN2M0YzAiOnsiY3JlYXRlIjo2MDAwMDAwMDAwMDAsImRlbGV0ZSI6MTIwMDAwMDAwMDAwMH0sInNjaGVtYV92ZXJzaW9uIjoiMSJ9",
          "dependencies": [
            "module.network.aws_vpc.tf-playground"
          ]
        }
      ]
    },
    {
      "module": "module.network",
      "mode": "managed",
      "type": "aws_subnet",
      "name": "public-sub-1",
      "provider": "provider[\"registry.terraform.io/hashicorp/aws\"]",
      "instances": [
        {
          "schema_version": 1,
          "attributes": {
            "arn": "arn:aws:ec2:eu-central-1:802679893191:subnet/subnet-0c2029ca3f31f3a5f",
            "assign_ipv6_address_on_creation": false,
            "availability_zone": "eu-central-1a",
            "availability_zone_id": "euc1-az2",
            "cidr_block": "10.0.1.0/24",
            "customer_owned_ipv4_pool": "",
            "enable_dns64": false,
            "enable_resource_name_dns_a_record_on_launch": false,
            "enable_resource_name_dns_aaaa_record_on_launch": false,
            "id": "subnet-0c2029ca3f31f3a5f",
            "ipv6_cidr_block": "",
            "ipv6_cidr_block_association_id": "",
            "ipv6_native": false,
            "map_customer_owned_ip_on_launch": false,
            "map_public_ip_on_launch": true,
            "outpost_arn": "",
            "owner_id": "802679893191",
            "private_dns_hostname_type_on_launch": "ip-name",
            "tags": {
              "Name": "public-sub-1"
            },
            "tags_all": {
              "Name": "public-sub-1"
            },
            "timeouts": null,
            "vpc_id": "vpc-033e60605711e1d95"
          },
          "sensitive_attributes": [],
          "private": "eyJlMmJmYjczMC1lY2FhLTExZTYtOGY4OC0zNDM2M2JjN2M0YzAiOnsiY3JlYXRlIjo2MDAwMDAwMDAwMDAsImRlbGV0ZSI6MTIwMDAwMDAwMDAwMH0sInNjaGVtYV92ZXJzaW9uIjoiMSJ9",
          "dependencies": [
            "module.network.aws_vpc.tf-playground"
          ]
        }
      ]
    },
    {
      "module": "module.network",
      "mode": "managed",
      "type": "aws_subnet",
      "name": "public-sub-2",
      "provider": "provider[\"registry.terraform.io/hashicorp/aws\"]",
      "instances": [
        {
          "schema_version": 1,
          "attributes": {
            "arn": "arn:aws:ec2:eu-central-1:802679893191:subnet/subnet-0d1a8e1ffe5cd90bc",
            "assign_ipv6_address_on_creation": false,
            "availability_zone": "eu-central-1b",
            "availability_zone_id": "euc1-az3",
            "cidr_block": "10.0.2.0/24",
            "customer_owned_ipv4_pool": "",
            "enable_dns64": false,
            "enable_resource_name_dns_a_record_on_launch": false,
            "enable_resource_name_dns_aaaa_record_on_launch": false,
            "id": "subnet-0d1a8e1ffe5cd90bc",
            "ipv6_cidr_block": "",
            "ipv6_cidr_block_association_id": "",
            "ipv6_native": false,
            "map_customer_owned_ip_on_launch": false,
            "map_public_ip_on_launch": true,
            "outpost_arn": "",
            "owner_id": "802679893191",
            "private_dns_hostname_type_on_launch": "ip-name",
            "tags": {
              "Name": "public-sub-2"
            },
            "tags_all": {
              "Name": "public-sub-2"
            },
            "timeouts": null,
            "vpc_id": "vpc-033e60605711e1d95"
          },
          "sensitive_attributes": [],
          "private": "eyJlMmJmYjczMC1lY2FhLTExZTYtOGY4OC0zNDM2M2JjN2M0YzAiOnsiY3JlYXRlIjo2MDAwMDAwMDAwMDAsImRlbGV0ZSI6MTIwMDAwMDAwMDAwMH0sInNjaGVtYV92ZXJzaW9uIjoiMSJ9",
          "dependencies": [
            "module.network.aws_vpc.tf-playground"
          ]
        }
      ]
    },
    {
      "module": "module.network",
      "mode": "managed",
      "type": "aws_vpc",
      "name": "tf-playground",
      "provider": "provider[\"registry.terraform.io/hashicorp/aws\"]",
      "instances": [
        {
          "schema_version": 1,
          "attributes": {
            "arn": "arn:aws:ec2:eu-central-1:802679893191:vpc/vpc-033e60605711e1d95",
            "assign_generated_ipv6_cidr_block": false,
            "cidr_block": "10.0.0.0/16",
            "default_network_acl_id": "acl-03cf8f320eb341ac5",
            "default_route_table_id": "rtb-0d0b9a10d58d61d83",
            "default_security_group_id": "sg-02c2ed1e5cd544902",
            "dhcp_options_id": "dopt-0d063f0d4ae727188",
            "enable_classiclink": false,
            "enable_classiclink_dns_support": false,
            "enable_dns_hostnames": true,
            "enable_dns_support": true,
            "id": "vpc-033e60605711e1d95",
            "instance_tenancy": "default",
            "ipv4_ipam_pool_id": null,
            "ipv4_netmask_length": null,
            "ipv6_association_id": "",
            "ipv6_cidr_block": "",
            "ipv6_cidr_block_network_border_group": "",
            "ipv6_ipam_pool_id": "",
            "ipv6_netmask_length": 0,
            "main_route_table_id": "rtb-0d0b9a10d58d61d83",
            "owner_id": "802679893191",
            "tags": {
              "Name": "tf-playground"
            },
            "tags_all": {
              "Name": "tf-playground"
            }
          },
          "sensitive_attributes": [],
          "private": "eyJzY2hlbWFfdmVyc2lvbiI6IjEifQ=="
        }
      ]
    }
  ]
}
