{
  "version": 4,
  "terraform_version": "1.1.9",
  "serial": 74,
  "lineage": "df269395-5b46-f32b-005d-831b288236f7",
  "outputs": {
    "instance_id": {
      "value": "i-037d4058850661b3a",
      "type": "string"
    },
    "secretsmanager_secret": {
      "value": "arn:aws:secretsmanager:us-east-1:802679893191:secret:new-rsa-secrets-1qxqNh",
      "type": "string"
    },
    "secretsmanager_secret_version": {
      "value": "arn:aws:secretsmanager:us-east-1:802679893191:secret:new-rsa-secrets-1qxqNh|4B55E523-E3A9-464B-BF55-22360CE6DF40",
      "type": "string"
    }
  },
  "resources": [
    {
      "mode": "managed",
      "type": "aws_instance",
      "name": "application",
      "provider": "provider[\"registry.terraform.io/hashicorp/aws\"]",
      "instances": [
        {
          "schema_version": 1,
          "attributes": {
            "ami": "ami-052efd3df9dad4825",
            "arn": "arn:aws:ec2:us-east-1:802679893191:instance/i-047322b66d421799e",
            "associate_public_ip_address": false,
            "availability_zone": "us-east-1a",
            "capacity_reservation_specification": [
              {
                "capacity_reservation_preference": "open",
                "capacity_reservation_target": []
              }
            ],
            "cpu_core_count": 1,
            "cpu_threads_per_core": 1,
            "credit_specification": [
              {
                "cpu_credits": "standard"
              }
            ],
            "disable_api_stop": false,
            "disable_api_termination": false,
            "ebs_block_device": [],
            "ebs_optimized": false,
            "enclave_options": [
              {
                "enabled": false
              }
            ],
            "ephemeral_block_device": [],
            "get_password_data": false,
            "hibernation": false,
            "host_id": null,
            "iam_instance_profile": "",
            "id": "i-047322b66d421799e",
            "instance_initiated_shutdown_behavior": "stop",
            "instance_state": "running",
            "instance_type": "t2.micro",
            "ipv6_address_count": 0,
            "ipv6_addresses": [],
            "key_name": "admin",
            "launch_template": [],
            "maintenance_options": [
              {
                "auto_recovery": "default"
              }
            ],
            "metadata_options": [
              {
                "http_endpoint": "enabled",
                "http_put_response_hop_limit": 1,
                "http_tokens": "optional",
                "instance_metadata_tags": "disabled"
              }
            ],
            "monitoring": false,
            "network_interface": [],
            "outpost_arn": "",
            "password_data": "",
            "placement_group": "",
            "placement_partition_number": null,
            "primary_network_interface_id": "eni-029df4b0517b87a5d",
            "private_dns": "ip-10-0-3-143.ec2.internal",
            "private_dns_name_options": [
              {
                "enable_resource_name_dns_a_record": false,
                "enable_resource_name_dns_aaaa_record": false,
                "hostname_type": "ip-name"
              }
            ],
            "private_ip": "10.0.3.143",
            "public_dns": "",
            "public_ip": "",
            "root_block_device": [
              {
                "delete_on_termination": true,
                "device_name": "/dev/sda1",
                "encrypted": false,
                "iops": 100,
                "kms_key_id": "",
                "tags": {},
                "throughput": 0,
                "volume_id": "vol-0f8863e8863e22ce1",
                "volume_size": 8,
                "volume_type": "gp2"
              }
            ],
            "secondary_private_ips": [],
            "security_groups": [],
            "source_dest_check": true,
            "subnet_id": "subnet-022dcdf505814b8a4",
            "tags": {
              "Name": "application"
            },
            "tags_all": {
              "Name": "application"
            },
            "tenancy": "default",
            "timeouts": null,
            "user_data": null,
            "user_data_base64": null,
            "user_data_replace_on_change": false,
            "volume_tags": null,
            "vpc_security_group_ids": [
              "sg-0ae95c4c5bcfeb0c7"
            ]
          },
          "sensitive_attributes": [],
          "private": "eyJlMmJmYjczMC1lY2FhLTExZTYtOGY4OC0zNDM2M2JjN2M0YzAiOnsiY3JlYXRlIjo2MDAwMDAwMDAwMDAsImRlbGV0ZSI6MTIwMDAwMDAwMDAwMCwidXBkYXRlIjo2MDAwMDAwMDAwMDB9LCJzY2hlbWFfdmVyc2lvbiI6IjEifQ==",
          "dependencies": [
            "aws_key_pair.admin",
            "aws_security_group.ssh-and-port3000",
            "module.network.aws_subnet.private-sub-1",
            "module.network.aws_vpc.tf-playground",
            "tls_private_key.admin"
          ]
        }
      ]
    },
    {
      "mode": "managed",
      "type": "aws_instance",
      "name": "bastion",
      "provider": "provider[\"registry.terraform.io/hashicorp/aws\"]",
      "instances": [
        {
          "schema_version": 1,
          "attributes": {
            "ami": "ami-052efd3df9dad4825",
            "arn": "arn:aws:ec2:us-east-1:802679893191:instance/i-037d4058850661b3a",
            "associate_public_ip_address": true,
            "availability_zone": "us-east-1a",
            "capacity_reservation_specification": [
              {
                "capacity_reservation_preference": "open",
                "capacity_reservation_target": []
              }
            ],
            "cpu_core_count": 1,
            "cpu_threads_per_core": 1,
            "credit_specification": [
              {
                "cpu_credits": "standard"
              }
            ],
            "disable_api_stop": false,
            "disable_api_termination": false,
            "ebs_block_device": [],
            "ebs_optimized": false,
            "enclave_options": [
              {
                "enabled": false
              }
            ],
            "ephemeral_block_device": [],
            "get_password_data": false,
            "hibernation": false,
            "host_id": null,
            "iam_instance_profile": "",
            "id": "i-037d4058850661b3a",
            "instance_initiated_shutdown_behavior": "stop",
            "instance_state": "running",
            "instance_type": "t2.micro",
            "ipv6_address_count": 0,
            "ipv6_addresses": [],
            "key_name": "admin",
            "launch_template": [],
            "maintenance_options": [
              {
                "auto_recovery": "default"
              }
            ],
            "metadata_options": [
              {
                "http_endpoint": "enabled",
                "http_put_response_hop_limit": 1,
                "http_tokens": "optional",
                "instance_metadata_tags": "disabled"
              }
            ],
            "monitoring": false,
            "network_interface": [],
            "outpost_arn": "",
            "password_data": "",
            "placement_group": "",
            "placement_partition_number": null,
            "primary_network_interface_id": "eni-03849403a903aa2bd",
            "private_dns": "ip-10-0-1-84.ec2.internal",
            "private_dns_name_options": [
              {
                "enable_resource_name_dns_a_record": false,
                "enable_resource_name_dns_aaaa_record": false,
                "hostname_type": "ip-name"
              }
            ],
            "private_ip": "10.0.1.84",
            "public_dns": "ec2-54-243-21-27.compute-1.amazonaws.com",
            "public_ip": "54.243.21.27",
            "root_block_device": [
              {
                "delete_on_termination": true,
                "device_name": "/dev/sda1",
                "encrypted": false,
                "iops": 100,
                "kms_key_id": "",
                "tags": {},
                "throughput": 0,
                "volume_id": "vol-04bddfcd050c8e32f",
                "volume_size": 8,
                "volume_type": "gp2"
              }
            ],
            "secondary_private_ips": [],
            "security_groups": [],
            "source_dest_check": true,
            "subnet_id": "subnet-0b432d17a993cc8e3",
            "tags": {
              "Name": "bastion"
            },
            "tags_all": {
              "Name": "bastion"
            },
            "tenancy": "default",
            "timeouts": null,
            "user_data": null,
            "user_data_base64": null,
            "user_data_replace_on_change": false,
            "volume_tags": null,
            "vpc_security_group_ids": [
              "sg-0e9f08d752e160b11"
            ]
          },
          "sensitive_attributes": [],
          "private": "eyJlMmJmYjczMC1lY2FhLTExZTYtOGY4OC0zNDM2M2JjN2M0YzAiOnsiY3JlYXRlIjo2MDAwMDAwMDAwMDAsImRlbGV0ZSI6MTIwMDAwMDAwMDAwMCwidXBkYXRlIjo2MDAwMDAwMDAwMDB9LCJzY2hlbWFfdmVyc2lvbiI6IjEifQ==",
          "dependencies": [
            "aws_key_pair.admin",
            "aws_security_group.allow_ssh",
            "module.network.aws_subnet.public-sub-1",
            "module.network.aws_vpc.tf-playground",
            "tls_private_key.admin"
          ]
        }
      ]
    },
    {
      "mode": "managed",
      "type": "aws_key_pair",
      "name": "admin",
      "provider": "provider[\"registry.terraform.io/hashicorp/aws\"]",
      "instances": [
        {
          "schema_version": 1,
          "attributes": {
            "arn": "arn:aws:ec2:us-east-1:802679893191:key-pair/admin",
            "fingerprint": "72:fc:08:8f:3b:ab:96:88:8c:d6:3e:54:fd:60:0c:28",
            "id": "admin",
            "key_name": "admin",
            "key_name_prefix": "",
            "key_pair_id": "key-049d2b030cefb2205",
            "key_type": "rsa",
            "public_key": "ssh-rsa AAAAB3NzaC1yc2EAAAADAQABAAACAQCjmKEkZ1rqVS6EeuME7O6xorO3PnVArg51N/3QILQwlzZXEcal8D5y7vcGJBl1Y+sNEoGT4iwoZPDi3l5xnmsBN+GJcZkpSxsBkNWqs80YzwpL625e6LQAK32SPUoenmjNsX59AFXnUNQXLZ9phD+kmM1UtD4mFr4IqYYHwTE55O/6TmilRQTf/yLC+cl3ag0THXnOQkQSRQDMcjgXvWBv7IHAhgAHUMugTVJWy61gcyaeEUqs0JszKffxJ2Jl0/Gq7OUjCdJXbZcj/AqxJYuFCPkoQCnahhkNhSyJoTYBJNuJexJ7cUEHy7x2Llg2n6ii8P/Q02Yn+xgDDQpEdsxmG9+oVzUbgItLI12dV/HMSsNIgmxAhkPX9+IWB3lWJm+vPRsEphtL0YswzqTxXulcjwn2BH6J2LuHc6LMfU7WbosGa1v9wkzkImwuXelrEhgC9KB71kNFCLsmrBtieopdYheOCoXKhEedcLGdIp4XI3Z9svzjCWoLqteuOmmSNq42vlWQyQs0XXQ1V+6/5kqHpFbMgiR+IsE0ZDcsk+1xscbaumpA+cDtb0PBlaBke9LNfNbs63naci9RDLJ5dlI9frw1LvsAPAlKi7l2Grv7EK3hH1R3+NiuhaDjbRrQ6VOS83xCgCwAzVfApqurjhASGg62Ho0VueOncOJgnueVfw==",
            "tags": {},
            "tags_all": {}
          },
          "sensitive_attributes": [],
          "private": "eyJzY2hlbWFfdmVyc2lvbiI6IjEifQ==",
          "dependencies": [
            "tls_private_key.admin"
          ]
        }
      ]
    },
    {
      "mode": "managed",
      "type": "aws_secretsmanager_secret",
      "name": "new-rsa-secrets",
      "provider": "provider[\"registry.terraform.io/hashicorp/aws\"]",
      "instances": [
        {
          "schema_version": 0,
          "attributes": {
            "arn": "arn:aws:secretsmanager:us-east-1:802679893191:secret:new-rsa-secrets-1qxqNh",
            "description": "",
            "force_overwrite_replica_secret": false,
            "id": "arn:aws:secretsmanager:us-east-1:802679893191:secret:new-rsa-secrets-1qxqNh",
            "kms_key_id": "",
            "name": "new-rsa-secrets",
            "name_prefix": "",
            "policy": "",
            "recovery_window_in_days": 0,
            "replica": [],
            "rotation_enabled": false,
            "rotation_lambda_arn": "",
            "rotation_rules": [],
            "tags": null,
            "tags_all": {}
          },
          "sensitive_attributes": [],
          "private": "bnVsbA=="
        }
      ]
    },
    {
      "mode": "managed",
      "type": "aws_secretsmanager_secret_version",
      "name": "new-rsa-secrets",
      "provider": "provider[\"registry.terraform.io/hashicorp/aws\"]",
      "instances": [
        {
          "schema_version": 0,
          "attributes": {
            "arn": "arn:aws:secretsmanager:us-east-1:802679893191:secret:new-rsa-secrets-1qxqNh",
            "id": "arn:aws:secretsmanager:us-east-1:802679893191:secret:new-rsa-secrets-1qxqNh|4B55E523-E3A9-464B-BF55-22360CE6DF40",
            "secret_binary": "",
            "secret_id": "arn:aws:secretsmanager:us-east-1:802679893191:secret:new-rsa-secrets-1qxqNh",
            "secret_string": "-----BEGIN RSA PRIVATE KEY-----\nMIIJKAIBAAKCAgEAo5ihJGda6lUuhHrjBOzusaKztz51QK4OdTf90CC0MJc2VxHG\npfA+cu73BiQZdWPrDRKBk+IsKGTw4t5ecZ5rATfhiXGZKUsbAZDVqrPNGM8KS+tu\nXui0ACt9kj1KHp5ozbF+fQBV51DUFy2faYQ/pJjNVLQ+Jha+CKmGB8ExOeTv+k5o\npUUE3/8iwvnJd2oNEx15zkJEEkUAzHI4F71gb+yBwIYAB1DLoE1SVsutYHMmnhFK\nrNCbMyn38SdiZdPxquzlIwnSV22XI/wKsSWLhQj5KEAp2oYZDYUsiaE2ASTbiXsS\ne3FBB8u8di5YNp+oovD/0NNmJ/sYAw0KRHbMZhvfqFc1G4CLSyNdnVfxzErDSIJs\nQIZD1/fiFgd5ViZvrz0bBKYbS9GLMM6k8V7pXI8J9gR+idi7h3OizH1O1m6LBmtb\n/cJM5CJsLl3paxIYAvSge9ZDRQi7JqwbYnqKXWIXjgqFyoRHnXCxnSKeFyN2fbL8\n4wlqC6rXrjppkjauNr5VkMkLNF10NVfuv+ZKh6RWzIIkfiLBNGQ3LJPtcbHG2rpq\nQPnA7W9DwZWgZHvSzXzW7Ot52nIvUQyyeXZSPX68NS77ADwJSou5dhq7+xCt4R9U\nd/jYroWg420a0OlTkvN8QoAsAM1XwKarq44QEhoOth6NFbnjp3DiYJ7nlX8CAwEA\nAQKCAgAwP1NG6TRm57hQWe2aBkZfHRzjbggmiy64Y0r3lq2Npwrfot5zEedY/iDc\nLslTVaR8tniApLNhNmPUhMBVweLM+S4K2vXQt9W/IHfjYCOcrXLb8RMb6oUrh6gA\n+RJi9VTzVOV4+CBdl/j03P+mntomMOpdkMrDcPGanGRq5Q8fg+VCbN1v4GsPpK8b\n0Y8ZKK2ydX721ZQ9zxvtL8JbPf6zA41AukRH5AwpuqQN9QOs7kj1VSQw01TyQe5d\nsL/USC19u1/YdY0TO77XXf3JQMlk8sCInmO5jtLUqfH4pRLIQ5Z7dVB+F2iWY/+w\n2vopIe0aIPlRHQeDwwnR3Iaqql6dRdq2EdF6FCb5b9QA6XOIU4mpAqaj7+3rlk/O\nbVzhD/jH//LXm7ceRBqH1JzVPsQpj4T5uy/zS6+W6S8jFPx78SIkkJ6RAv/MotKz\n8zbGymYvrfc7X0vawpJv0s45mG5+8UYBGrvGO/Dbw2qx7knbXI1LCiHqSRHNDIQe\nIYVRcOr+FFRGjS7SO9hPxA4YT6ZzMa2vB1FF1j8vg0bSpDAoDad8cDaxEMXMIrXU\nI37IrIgnCWnKDml7AqYs5eMxk+d7ytxwxMuWfUCoBYGQlyXEKUrJdeDP2KBjSpdS\nYUA0lmyp+JRYX0ByqZE6jWhNyONgDbznvg+ggGYNQ250Q6ZIAQKCAQEAx1WD6Hqz\nARBUkQl65BRetcpLE5CrQ5dOQx38khL+0MxlqQ3lVOQ7LsBU29dmdt90yPm3GTS3\nblccrRVWZHOQjAo1APvgjLO5wtdUk1lSuqzsCRcW9sP8PW0F8f+mwElmgK0ewM1p\nQcCrFQ97Tf0VW3+ygCcnwtEuFgs+xkevewaKCnkhks+v16P5X7l3ITBx2CB6QBXD\nvCqM70dgqeiJ/9R5AJM9i3dGmIEOQ39SXLA1UROOSE7F9Ri3tuSfYod8fpVivsMg\ngHEVA9EfnQEHQptNI3Sh4qo2YFOHV4JIO1P9kuFEdygKQqOxvC5HluMuSNqb+VtO\neQPafSH0gu3VZwKCAQEA0hpNYRC21YGQjDeD+EGklm4EDSrBCn2NCnFjPpMTxgmK\nGTSmwOoBcN/kpgahbaLNPB9hrAIAP4vMx1H2CuAiho4X8s+QDK/YiYzrg6Or0pWN\nVCJG5+DYtYO2RgBxd5qCU8mON/XS9YGL8ZZn23dXvGfb14mX85N8iz8nv/RIlY54\nJ8Aa2SDSysKEfpgWXNp4qCyQSNXCWqeID1fFaSJpa2IkYQD0692c+lZRgIBGGqyB\n5gfGKGthCw8wEBS/EcPDuXka5hgl+Ss2TATdyv9Avp3F/QKD8smmMu+7H4WYfGRz\n0xCYekaxUrRtc1pGfidC9GwwQG9BG31J3BLB6MNYKQKCAQAJ95ex7zi2K+fenLe9\nYdtegbABWXGG3rD2IDC56SM+s4m9y0kVVpgy/UEBASNJfGDtj7b9Fqq5ZLe1W+TG\n/xRSPExsMSwIPRBj0rqS55uAZBclWTc3vZMGS0ZJ1Hu1D7aFZqKsB1llBUpIsk57\nFtWTjq4RRGPzlNwWFBfeeEUpBKmwXmA0ZBgp0zQr+i0fxrlakj0qqSvxY7tKV6pY\ntJz54tjuE263Y45vH7zj2SD4K4Nu+2hY6z9wwvyks4fYuGecOMIIQd+FLKJdX36S\nLjP7u6I+zJ0vpU00wdh5orUT6l46kvMGdkUVEfRYMYQ44kE1OWElNdCVsoChUypT\nxaqvAoIBAQCTMAn1bhgoCtSQ5nN1f8cl+3yrHMCP8NTV9Alq1O6NVjGA5vnLPCQ2\nRyOPjCWbAOp2rCVosx4pZm7XU/viMpL9YJ42ZGKuAKLZ+fckCY1dwZd40WqLF2G6\nB8Ox1q2m9H9I43LWkUhw5Yh8frnTbg/w1XGV1ba11STzCBN4zlHrNBvI/TPR2MTT\nduILLdC8y/CrIE0UOWwmxibzWLHbrVfc+qwxqNHsSxyl48LFGxgBp8h4tgmEV3Vs\nof8xxNb2Qwbi8Ix/lXtEy5kGOIKIq7lX0H/bd9+oPsxH8tpMgvMIcfcSbhXj05J2\nNiBXJ28rAaZORVyoR0h9UZBktF9UCUXBAoIBAA3jx43Pd5oOxe91NDWLg5CvMHyM\n/SVJWwqXeVHHBHCC2pNTlV5uQsSzSLvUnDdH7wPVi6Y+rNkpymM4g3qDhEubDtm8\nkQ5ipdn9yIUJTusxaUnKnLNMJRhUsBwonT4US5nL+ydghiUWMM8KBv1JWrBlHits\nk/nq+LShbOjC5sAbzbWL/lwWGjrsufTmFh4FM1mZBFgPF8cZS6irwtN049k6aC+G\nQUIHwJfqO+//MnEtI57jBtehUleeh2XKxkc6MP9bwC4H2t5zlUfd+FvGS14tQl39\nrBsb6jw9DkYBfS00eKcBKqzQpbI6FQwV6Tj1n9hzqw2HyQmo79BV0leWmi0=\n-----END RSA PRIVATE KEY-----\n",
            "version_id": "4B55E523-E3A9-464B-BF55-22360CE6DF40",
            "version_stages": [
              "AWSCURRENT"
            ]
          },
          "sensitive_attributes": [
            [
              {
                "type": "get_attr",
                "value": "secret_string"
              }
            ]
          ],
          "private": "bnVsbA==",
          "dependencies": [
            "aws_secretsmanager_secret.new-rsa-secrets",
            "tls_private_key.admin"
          ]
        }
      ]
    },
    {
      "mode": "managed",
      "type": "aws_security_group",
      "name": "allow_ssh",
      "provider": "provider[\"registry.terraform.io/hashicorp/aws\"]",
      "instances": [
        {
          "schema_version": 1,
          "attributes": {
            "arn": "arn:aws:ec2:us-east-1:802679893191:security-group/sg-0e9f08d752e160b11",
            "description": "allow_ssh inbound traffic",
            "egress": [
              {
                "cidr_blocks": [
                  "0.0.0.0/0"
                ],
                "description": "",
                "from_port": 0,
                "ipv6_cidr_blocks": [],
                "prefix_list_ids": [],
                "protocol": "-1",
                "security_groups": [],
                "self": false,
                "to_port": 0
              }
            ],
            "id": "sg-0e9f08d752e160b11",
            "ingress": [
              {
                "cidr_blocks": [
                  "0.0.0.0/0"
                ],
                "description": "allow_ssh",
                "from_port": 22,
                "ipv6_cidr_blocks": [],
                "prefix_list_ids": [],
                "protocol": "tcp",
                "security_groups": [],
                "self": false,
                "to_port": 22
              }
            ],
            "name": "allow_ssh",
            "name_prefix": "",
            "owner_id": "802679893191",
            "revoke_rules_on_delete": false,
            "tags": {
              "Name": "allow_ssh"
            },
            "tags_all": {
              "Name": "allow_ssh"
            },
            "timeouts": null,
            "vpc_id": "vpc-0e7ff05cda92569a3"
          },
          "sensitive_attributes": [],
          "private": "eyJlMmJmYjczMC1lY2FhLTExZTYtOGY4OC0zNDM2M2JjN2M0YzAiOnsiY3JlYXRlIjo2MDAwMDAwMDAwMDAsImRlbGV0ZSI6OTAwMDAwMDAwMDAwfSwic2NoZW1hX3ZlcnNpb24iOiIxIn0=",
          "dependencies": [
            "module.network.aws_vpc.tf-playground"
          ]
        }
      ]
    },
    {
      "mode": "managed",
      "type": "aws_security_group",
      "name": "ssh-and-port3000",
      "provider": "provider[\"registry.terraform.io/hashicorp/aws\"]",
      "instances": [
        {
          "schema_version": 1,
          "attributes": {
            "arn": "arn:aws:ec2:us-east-1:802679893191:security-group/sg-0ae95c4c5bcfeb0c7",
            "description": "ssh-and-port3000 inbound traffic",
            "egress": [
              {
                "cidr_blocks": [
                  "0.0.0.0/0"
                ],
                "description": "",
                "from_port": 0,
                "ipv6_cidr_blocks": [],
                "prefix_list_ids": [],
                "protocol": "-1",
                "security_groups": [],
                "self": false,
                "to_port": 0
              }
            ],
            "id": "sg-0ae95c4c5bcfeb0c7",
            "ingress": [
              {
                "cidr_blocks": [
                  "10.0.0.0/16"
                ],
                "description": "allow port 3000",
                "from_port": 3000,
                "ipv6_cidr_blocks": [],
                "prefix_list_ids": [],
                "protocol": "tcp",
                "security_groups": [],
                "self": false,
                "to_port": 3000
              },
              {
                "cidr_blocks": [
                  "10.0.0.0/16"
                ],
                "description": "allow ssh",
                "from_port": 22,
                "ipv6_cidr_blocks": [],
                "prefix_list_ids": [],
                "protocol": "tcp",
                "security_groups": [],
                "self": false,
                "to_port": 22
              }
            ],
            "name": "ssh-and-port3000",
            "name_prefix": "",
            "owner_id": "802679893191",
            "revoke_rules_on_delete": false,
            "tags": {
              "Name": "ssh-and-port3000"
            },
            "tags_all": {
              "Name": "ssh-and-port3000"
            },
            "timeouts": null,
            "vpc_id": "vpc-0e7ff05cda92569a3"
          },
          "sensitive_attributes": [],
          "private": "eyJlMmJmYjczMC1lY2FhLTExZTYtOGY4OC0zNDM2M2JjN2M0YzAiOnsiY3JlYXRlIjo2MDAwMDAwMDAwMDAsImRlbGV0ZSI6OTAwMDAwMDAwMDAwfSwic2NoZW1hX3ZlcnNpb24iOiIxIn0=",
          "dependencies": [
            "module.network.aws_vpc.tf-playground"
          ]
        }
      ]
    },
    {
      "mode": "managed",
      "type": "local_file",
      "name": "tf-admin-key",
      "provider": "provider[\"registry.terraform.io/hashicorp/local\"]",
      "instances": [
        {
          "schema_version": 0,
          "attributes": {
            "content": "-----BEGIN RSA PRIVATE KEY-----\nMIIJKAIBAAKCAgEAo5ihJGda6lUuhHrjBOzusaKztz51QK4OdTf90CC0MJc2VxHG\npfA+cu73BiQZdWPrDRKBk+IsKGTw4t5ecZ5rATfhiXGZKUsbAZDVqrPNGM8KS+tu\nXui0ACt9kj1KHp5ozbF+fQBV51DUFy2faYQ/pJjNVLQ+Jha+CKmGB8ExOeTv+k5o\npUUE3/8iwvnJd2oNEx15zkJEEkUAzHI4F71gb+yBwIYAB1DLoE1SVsutYHMmnhFK\nrNCbMyn38SdiZdPxquzlIwnSV22XI/wKsSWLhQj5KEAp2oYZDYUsiaE2ASTbiXsS\ne3FBB8u8di5YNp+oovD/0NNmJ/sYAw0KRHbMZhvfqFc1G4CLSyNdnVfxzErDSIJs\nQIZD1/fiFgd5ViZvrz0bBKYbS9GLMM6k8V7pXI8J9gR+idi7h3OizH1O1m6LBmtb\n/cJM5CJsLl3paxIYAvSge9ZDRQi7JqwbYnqKXWIXjgqFyoRHnXCxnSKeFyN2fbL8\n4wlqC6rXrjppkjauNr5VkMkLNF10NVfuv+ZKh6RWzIIkfiLBNGQ3LJPtcbHG2rpq\nQPnA7W9DwZWgZHvSzXzW7Ot52nIvUQyyeXZSPX68NS77ADwJSou5dhq7+xCt4R9U\nd/jYroWg420a0OlTkvN8QoAsAM1XwKarq44QEhoOth6NFbnjp3DiYJ7nlX8CAwEA\nAQKCAgAwP1NG6TRm57hQWe2aBkZfHRzjbggmiy64Y0r3lq2Npwrfot5zEedY/iDc\nLslTVaR8tniApLNhNmPUhMBVweLM+S4K2vXQt9W/IHfjYCOcrXLb8RMb6oUrh6gA\n+RJi9VTzVOV4+CBdl/j03P+mntomMOpdkMrDcPGanGRq5Q8fg+VCbN1v4GsPpK8b\n0Y8ZKK2ydX721ZQ9zxvtL8JbPf6zA41AukRH5AwpuqQN9QOs7kj1VSQw01TyQe5d\nsL/USC19u1/YdY0TO77XXf3JQMlk8sCInmO5jtLUqfH4pRLIQ5Z7dVB+F2iWY/+w\n2vopIe0aIPlRHQeDwwnR3Iaqql6dRdq2EdF6FCb5b9QA6XOIU4mpAqaj7+3rlk/O\nbVzhD/jH//LXm7ceRBqH1JzVPsQpj4T5uy/zS6+W6S8jFPx78SIkkJ6RAv/MotKz\n8zbGymYvrfc7X0vawpJv0s45mG5+8UYBGrvGO/Dbw2qx7knbXI1LCiHqSRHNDIQe\nIYVRcOr+FFRGjS7SO9hPxA4YT6ZzMa2vB1FF1j8vg0bSpDAoDad8cDaxEMXMIrXU\nI37IrIgnCWnKDml7AqYs5eMxk+d7ytxwxMuWfUCoBYGQlyXEKUrJdeDP2KBjSpdS\nYUA0lmyp+JRYX0ByqZE6jWhNyONgDbznvg+ggGYNQ250Q6ZIAQKCAQEAx1WD6Hqz\nARBUkQl65BRetcpLE5CrQ5dOQx38khL+0MxlqQ3lVOQ7LsBU29dmdt90yPm3GTS3\nblccrRVWZHOQjAo1APvgjLO5wtdUk1lSuqzsCRcW9sP8PW0F8f+mwElmgK0ewM1p\nQcCrFQ97Tf0VW3+ygCcnwtEuFgs+xkevewaKCnkhks+v16P5X7l3ITBx2CB6QBXD\nvCqM70dgqeiJ/9R5AJM9i3dGmIEOQ39SXLA1UROOSE7F9Ri3tuSfYod8fpVivsMg\ngHEVA9EfnQEHQptNI3Sh4qo2YFOHV4JIO1P9kuFEdygKQqOxvC5HluMuSNqb+VtO\neQPafSH0gu3VZwKCAQEA0hpNYRC21YGQjDeD+EGklm4EDSrBCn2NCnFjPpMTxgmK\nGTSmwOoBcN/kpgahbaLNPB9hrAIAP4vMx1H2CuAiho4X8s+QDK/YiYzrg6Or0pWN\nVCJG5+DYtYO2RgBxd5qCU8mON/XS9YGL8ZZn23dXvGfb14mX85N8iz8nv/RIlY54\nJ8Aa2SDSysKEfpgWXNp4qCyQSNXCWqeID1fFaSJpa2IkYQD0692c+lZRgIBGGqyB\n5gfGKGthCw8wEBS/EcPDuXka5hgl+Ss2TATdyv9Avp3F/QKD8smmMu+7H4WYfGRz\n0xCYekaxUrRtc1pGfidC9GwwQG9BG31J3BLB6MNYKQKCAQAJ95ex7zi2K+fenLe9\nYdtegbABWXGG3rD2IDC56SM+s4m9y0kVVpgy/UEBASNJfGDtj7b9Fqq5ZLe1W+TG\n/xRSPExsMSwIPRBj0rqS55uAZBclWTc3vZMGS0ZJ1Hu1D7aFZqKsB1llBUpIsk57\nFtWTjq4RRGPzlNwWFBfeeEUpBKmwXmA0ZBgp0zQr+i0fxrlakj0qqSvxY7tKV6pY\ntJz54tjuE263Y45vH7zj2SD4K4Nu+2hY6z9wwvyks4fYuGecOMIIQd+FLKJdX36S\nLjP7u6I+zJ0vpU00wdh5orUT6l46kvMGdkUVEfRYMYQ44kE1OWElNdCVsoChUypT\nxaqvAoIBAQCTMAn1bhgoCtSQ5nN1f8cl+3yrHMCP8NTV9Alq1O6NVjGA5vnLPCQ2\nRyOPjCWbAOp2rCVosx4pZm7XU/viMpL9YJ42ZGKuAKLZ+fckCY1dwZd40WqLF2G6\nB8Ox1q2m9H9I43LWkUhw5Yh8frnTbg/w1XGV1ba11STzCBN4zlHrNBvI/TPR2MTT\nduILLdC8y/CrIE0UOWwmxibzWLHbrVfc+qwxqNHsSxyl48LFGxgBp8h4tgmEV3Vs\nof8xxNb2Qwbi8Ix/lXtEy5kGOIKIq7lX0H/bd9+oPsxH8tpMgvMIcfcSbhXj05J2\nNiBXJ28rAaZORVyoR0h9UZBktF9UCUXBAoIBAA3jx43Pd5oOxe91NDWLg5CvMHyM\n/SVJWwqXeVHHBHCC2pNTlV5uQsSzSLvUnDdH7wPVi6Y+rNkpymM4g3qDhEubDtm8\nkQ5ipdn9yIUJTusxaUnKnLNMJRhUsBwonT4US5nL+ydghiUWMM8KBv1JWrBlHits\nk/nq+LShbOjC5sAbzbWL/lwWGjrsufTmFh4FM1mZBFgPF8cZS6irwtN049k6aC+G\nQUIHwJfqO+//MnEtI57jBtehUleeh2XKxkc6MP9bwC4H2t5zlUfd+FvGS14tQl39\nrBsb6jw9DkYBfS00eKcBKqzQpbI6FQwV6Tj1n9hzqw2HyQmo79BV0leWmi0=\n-----END RSA PRIVATE KEY-----\n",
            "content_base64": null,
            "directory_permission": "0777",
            "file_permission": "0777",
            "filename": "tfkey",
            "id": "9eb60e32b6b7fa38e1b16e0b658a3ed17e5a3f85",
            "sensitive_content": null,
            "source": null
          },
          "sensitive_attributes": [
            [
              {
                "type": "get_attr",
                "value": "content"
              }
            ]
          ],
          "private": "bnVsbA==",
          "dependencies": [
            "tls_private_key.admin"
          ]
        }
      ]
    },
    {
      "mode": "managed",
      "type": "tls_private_key",
      "name": "admin",
      "provider": "provider[\"registry.terraform.io/hashicorp/tls\"]",
      "instances": [
        {
          "schema_version": 0,
          "attributes": {
            "algorithm": "RSA",
            "ecdsa_curve": "P224",
            "id": "616481a114a81724b47183960f8d7652a34fa126",
            "private_key_openssh": "-----BEGIN OPENSSH PRIVATE KEY-----\nb3BlbnNzaC1rZXktdjEAAAAABG5vbmUAAAAEbm9uZQAAAAAAAAABAAACFwAAAAdz\nc2gtcnNhAAAAAwEAAQAAAgEAo5ihJGda6lUuhHrjBOzusaKztz51QK4OdTf90CC0\nMJc2VxHGpfA+cu73BiQZdWPrDRKBk+IsKGTw4t5ecZ5rATfhiXGZKUsbAZDVqrPN\nGM8KS+tuXui0ACt9kj1KHp5ozbF+fQBV51DUFy2faYQ/pJjNVLQ+Jha+CKmGB8Ex\nOeTv+k5opUUE3/8iwvnJd2oNEx15zkJEEkUAzHI4F71gb+yBwIYAB1DLoE1SVsut\nYHMmnhFKrNCbMyn38SdiZdPxquzlIwnSV22XI/wKsSWLhQj5KEAp2oYZDYUsiaE2\nASTbiXsSe3FBB8u8di5YNp+oovD/0NNmJ/sYAw0KRHbMZhvfqFc1G4CLSyNdnVfx\nzErDSIJsQIZD1/fiFgd5ViZvrz0bBKYbS9GLMM6k8V7pXI8J9gR+idi7h3OizH1O\n1m6LBmtb/cJM5CJsLl3paxIYAvSge9ZDRQi7JqwbYnqKXWIXjgqFyoRHnXCxnSKe\nFyN2fbL84wlqC6rXrjppkjauNr5VkMkLNF10NVfuv+ZKh6RWzIIkfiLBNGQ3LJPt\ncbHG2rpqQPnA7W9DwZWgZHvSzXzW7Ot52nIvUQyyeXZSPX68NS77ADwJSou5dhq7\n+xCt4R9Ud/jYroWg420a0OlTkvN8QoAsAM1XwKarq44QEhoOth6NFbnjp3DiYJ7n\nlX8AAAc40FOtF9BTrRcAAAAHc3NoLXJzYQAAAgEAo5ihJGda6lUuhHrjBOzusaKz\ntz51QK4OdTf90CC0MJc2VxHGpfA+cu73BiQZdWPrDRKBk+IsKGTw4t5ecZ5rATfh\niXGZKUsbAZDVqrPNGM8KS+tuXui0ACt9kj1KHp5ozbF+fQBV51DUFy2faYQ/pJjN\nVLQ+Jha+CKmGB8ExOeTv+k5opUUE3/8iwvnJd2oNEx15zkJEEkUAzHI4F71gb+yB\nwIYAB1DLoE1SVsutYHMmnhFKrNCbMyn38SdiZdPxquzlIwnSV22XI/wKsSWLhQj5\nKEAp2oYZDYUsiaE2ASTbiXsSe3FBB8u8di5YNp+oovD/0NNmJ/sYAw0KRHbMZhvf\nqFc1G4CLSyNdnVfxzErDSIJsQIZD1/fiFgd5ViZvrz0bBKYbS9GLMM6k8V7pXI8J\n9gR+idi7h3OizH1O1m6LBmtb/cJM5CJsLl3paxIYAvSge9ZDRQi7JqwbYnqKXWIX\njgqFyoRHnXCxnSKeFyN2fbL84wlqC6rXrjppkjauNr5VkMkLNF10NVfuv+ZKh6RW\nzIIkfiLBNGQ3LJPtcbHG2rpqQPnA7W9DwZWgZHvSzXzW7Ot52nIvUQyyeXZSPX68\nNS77ADwJSou5dhq7+xCt4R9Ud/jYroWg420a0OlTkvN8QoAsAM1XwKarq44QEhoO\nth6NFbnjp3DiYJ7nlX8AAAADAQABAAACADA/U0bpNGbnuFBZ7ZoGRl8dHONuCCaL\nLrhjSveWrY2nCt+i3nMR51j+INwuyVNVpHy2eICks2E2Y9SEwFXB4sz5Lgra9dC3\n1b8gd+NgI5ytctvxExvqhSuHqAD5EmL1VPNU5Xj4IF2X+PTc/6ae2iYw6l2QysNw\n8ZqcZGrlDx+D5UJs3W/gaw+krxvRjxkorbJ1fvbVlD3PG+0vwls9/rMDjUC6REfk\nDCm6pA31A6zuSPVVJDDTVPJB7l2wv9RILX27X9h1jRM7vtdd/clAyWTywIieY7mO\n0tSp8filEshDlnt1UH4XaJZj/7Da+ikh7Rog+VEdB4PDCdHchqqqXp1F2rYR0XoU\nJvlv1ADpc4hTiakCpqPv7euWT85tXOEP+Mf/8tebtx5EGofUnNU+xCmPhPm7L/NL\nr5bpLyMU/HvxIiSQnpEC/8yi0rPzNsbKZi+t9ztfS9rCkm/SzjmYbn7xRgEau8Y7\n8NvDarHuSdtcjUsKIepJEc0MhB4hhVFw6v4UVEaNLtI72E/EDhhPpnMxra8HUUXW\nPy+DRtKkMCgNp3xwNrEQxcwitdQjfsisiCcJacoOaXsCpizl4zGT53vK3HDEy5Z9\nQKgFgZCXJcQpSsl14M/YoGNKl1JhQDSWbKn4lFhfQHKpkTqNaE3I42ANvOe+D6CA\nZg1DbnRDpkgBAAABAA3jx43Pd5oOxe91NDWLg5CvMHyM/SVJWwqXeVHHBHCC2pNT\nlV5uQsSzSLvUnDdH7wPVi6Y+rNkpymM4g3qDhEubDtm8kQ5ipdn9yIUJTusxaUnK\nnLNMJRhUsBwonT4US5nL+ydghiUWMM8KBv1JWrBlHitsk/nq+LShbOjC5sAbzbWL\n/lwWGjrsufTmFh4FM1mZBFgPF8cZS6irwtN049k6aC+GQUIHwJfqO+//MnEtI57j\nBtehUleeh2XKxkc6MP9bwC4H2t5zlUfd+FvGS14tQl39rBsb6jw9DkYBfS00eKcB\nKqzQpbI6FQwV6Tj1n9hzqw2HyQmo79BV0leWmi0AAAEBAMdVg+h6swEQVJEJeuQU\nXrXKSxOQq0OXTkMd/JIS/tDMZakN5VTkOy7AVNvXZnbfdMj5txk0t25XHK0VVmRz\nkIwKNQD74IyzucLXVJNZUrqs7AkXFvbD/D1tBfH/psBJZoCtHsDNaUHAqxUPe039\nFVt/soAnJ8LRLhYLPsZHr3sGigp5IZLPr9ej+V+5dyEwcdggekAVw7wqjO9HYKno\nif/UeQCTPYt3RpiBDkN/UlywNVETjkhOxfUYt7bkn2KHfH6VYr7DIIBxFQPRH50B\nB0KbTSN0oeKqNmBTh1eCSDtT/ZLhRHcoCkKjsbwuR5bjLkjam/lbTnkD2n0h9ILt\n1WcAAAEBANIaTWEQttWBkIw3g/hBpJZuBA0qwQp9jQpxYz6TE8YJihk0psDqAXDf\n5KYGoW2izTwfYawCAD+LzMdR9grgIoaOF/LPkAyv2ImM64Ojq9KVjVQiRufg2LWD\ntkYAcXeaglPJjjf10vWBi/GWZ9t3V7xn29eJl/OTfIs/J7/0SJWOeCfAGtkg0srC\nhH6YFlzaeKgskEjVwlqniA9XxWkiaWtiJGEA9OvdnPpWUYCARhqsgeYHxihrYQsP\nMBAUvxHDw7l5GuYYJfkrNkwE3cr/QL6dxf0Cg/LJpjLvux+FmHxkc9MQmHpGsVK0\nbXNaRn4nQvRsMEBvQRt9SdwSwejDWCkAAAAAAQID\n-----END OPENSSH PRIVATE KEY-----\n",
            "private_key_pem": "-----BEGIN RSA PRIVATE KEY-----\nMIIJKAIBAAKCAgEAo5ihJGda6lUuhHrjBOzusaKztz51QK4OdTf90CC0MJc2VxHG\npfA+cu73BiQZdWPrDRKBk+IsKGTw4t5ecZ5rATfhiXGZKUsbAZDVqrPNGM8KS+tu\nXui0ACt9kj1KHp5ozbF+fQBV51DUFy2faYQ/pJjNVLQ+Jha+CKmGB8ExOeTv+k5o\npUUE3/8iwvnJd2oNEx15zkJEEkUAzHI4F71gb+yBwIYAB1DLoE1SVsutYHMmnhFK\nrNCbMyn38SdiZdPxquzlIwnSV22XI/wKsSWLhQj5KEAp2oYZDYUsiaE2ASTbiXsS\ne3FBB8u8di5YNp+oovD/0NNmJ/sYAw0KRHbMZhvfqFc1G4CLSyNdnVfxzErDSIJs\nQIZD1/fiFgd5ViZvrz0bBKYbS9GLMM6k8V7pXI8J9gR+idi7h3OizH1O1m6LBmtb\n/cJM5CJsLl3paxIYAvSge9ZDRQi7JqwbYnqKXWIXjgqFyoRHnXCxnSKeFyN2fbL8\n4wlqC6rXrjppkjauNr5VkMkLNF10NVfuv+ZKh6RWzIIkfiLBNGQ3LJPtcbHG2rpq\nQPnA7W9DwZWgZHvSzXzW7Ot52nIvUQyyeXZSPX68NS77ADwJSou5dhq7+xCt4R9U\nd/jYroWg420a0OlTkvN8QoAsAM1XwKarq44QEhoOth6NFbnjp3DiYJ7nlX8CAwEA\nAQKCAgAwP1NG6TRm57hQWe2aBkZfHRzjbggmiy64Y0r3lq2Npwrfot5zEedY/iDc\nLslTVaR8tniApLNhNmPUhMBVweLM+S4K2vXQt9W/IHfjYCOcrXLb8RMb6oUrh6gA\n+RJi9VTzVOV4+CBdl/j03P+mntomMOpdkMrDcPGanGRq5Q8fg+VCbN1v4GsPpK8b\n0Y8ZKK2ydX721ZQ9zxvtL8JbPf6zA41AukRH5AwpuqQN9QOs7kj1VSQw01TyQe5d\nsL/USC19u1/YdY0TO77XXf3JQMlk8sCInmO5jtLUqfH4pRLIQ5Z7dVB+F2iWY/+w\n2vopIe0aIPlRHQeDwwnR3Iaqql6dRdq2EdF6FCb5b9QA6XOIU4mpAqaj7+3rlk/O\nbVzhD/jH//LXm7ceRBqH1JzVPsQpj4T5uy/zS6+W6S8jFPx78SIkkJ6RAv/MotKz\n8zbGymYvrfc7X0vawpJv0s45mG5+8UYBGrvGO/Dbw2qx7knbXI1LCiHqSRHNDIQe\nIYVRcOr+FFRGjS7SO9hPxA4YT6ZzMa2vB1FF1j8vg0bSpDAoDad8cDaxEMXMIrXU\nI37IrIgnCWnKDml7AqYs5eMxk+d7ytxwxMuWfUCoBYGQlyXEKUrJdeDP2KBjSpdS\nYUA0lmyp+JRYX0ByqZE6jWhNyONgDbznvg+ggGYNQ250Q6ZIAQKCAQEAx1WD6Hqz\nARBUkQl65BRetcpLE5CrQ5dOQx38khL+0MxlqQ3lVOQ7LsBU29dmdt90yPm3GTS3\nblccrRVWZHOQjAo1APvgjLO5wtdUk1lSuqzsCRcW9sP8PW0F8f+mwElmgK0ewM1p\nQcCrFQ97Tf0VW3+ygCcnwtEuFgs+xkevewaKCnkhks+v16P5X7l3ITBx2CB6QBXD\nvCqM70dgqeiJ/9R5AJM9i3dGmIEOQ39SXLA1UROOSE7F9Ri3tuSfYod8fpVivsMg\ngHEVA9EfnQEHQptNI3Sh4qo2YFOHV4JIO1P9kuFEdygKQqOxvC5HluMuSNqb+VtO\neQPafSH0gu3VZwKCAQEA0hpNYRC21YGQjDeD+EGklm4EDSrBCn2NCnFjPpMTxgmK\nGTSmwOoBcN/kpgahbaLNPB9hrAIAP4vMx1H2CuAiho4X8s+QDK/YiYzrg6Or0pWN\nVCJG5+DYtYO2RgBxd5qCU8mON/XS9YGL8ZZn23dXvGfb14mX85N8iz8nv/RIlY54\nJ8Aa2SDSysKEfpgWXNp4qCyQSNXCWqeID1fFaSJpa2IkYQD0692c+lZRgIBGGqyB\n5gfGKGthCw8wEBS/EcPDuXka5hgl+Ss2TATdyv9Avp3F/QKD8smmMu+7H4WYfGRz\n0xCYekaxUrRtc1pGfidC9GwwQG9BG31J3BLB6MNYKQKCAQAJ95ex7zi2K+fenLe9\nYdtegbABWXGG3rD2IDC56SM+s4m9y0kVVpgy/UEBASNJfGDtj7b9Fqq5ZLe1W+TG\n/xRSPExsMSwIPRBj0rqS55uAZBclWTc3vZMGS0ZJ1Hu1D7aFZqKsB1llBUpIsk57\nFtWTjq4RRGPzlNwWFBfeeEUpBKmwXmA0ZBgp0zQr+i0fxrlakj0qqSvxY7tKV6pY\ntJz54tjuE263Y45vH7zj2SD4K4Nu+2hY6z9wwvyks4fYuGecOMIIQd+FLKJdX36S\nLjP7u6I+zJ0vpU00wdh5orUT6l46kvMGdkUVEfRYMYQ44kE1OWElNdCVsoChUypT\nxaqvAoIBAQCTMAn1bhgoCtSQ5nN1f8cl+3yrHMCP8NTV9Alq1O6NVjGA5vnLPCQ2\nRyOPjCWbAOp2rCVosx4pZm7XU/viMpL9YJ42ZGKuAKLZ+fckCY1dwZd40WqLF2G6\nB8Ox1q2m9H9I43LWkUhw5Yh8frnTbg/w1XGV1ba11STzCBN4zlHrNBvI/TPR2MTT\nduILLdC8y/CrIE0UOWwmxibzWLHbrVfc+qwxqNHsSxyl48LFGxgBp8h4tgmEV3Vs\nof8xxNb2Qwbi8Ix/lXtEy5kGOIKIq7lX0H/bd9+oPsxH8tpMgvMIcfcSbhXj05J2\nNiBXJ28rAaZORVyoR0h9UZBktF9UCUXBAoIBAA3jx43Pd5oOxe91NDWLg5CvMHyM\n/SVJWwqXeVHHBHCC2pNTlV5uQsSzSLvUnDdH7wPVi6Y+rNkpymM4g3qDhEubDtm8\nkQ5ipdn9yIUJTusxaUnKnLNMJRhUsBwonT4US5nL+ydghiUWMM8KBv1JWrBlHits\nk/nq+LShbOjC5sAbzbWL/lwWGjrsufTmFh4FM1mZBFgPF8cZS6irwtN049k6aC+G\nQUIHwJfqO+//MnEtI57jBtehUleeh2XKxkc6MP9bwC4H2t5zlUfd+FvGS14tQl39\nrBsb6jw9DkYBfS00eKcBKqzQpbI6FQwV6Tj1n9hzqw2HyQmo79BV0leWmi0=\n-----END RSA PRIVATE KEY-----\n",
            "public_key_fingerprint_md5": "17:ab:6c:59:a6:26:28:4a:9e:a7:ab:84:a2:29:f8:e1",
            "public_key_fingerprint_sha256": "SHA256:LZmIUMZ89WfEMsHOJw0XtpwfMtJ4MJqHDYURmOAbvMk",
            "public_key_openssh": "ssh-rsa AAAAB3NzaC1yc2EAAAADAQABAAACAQCjmKEkZ1rqVS6EeuME7O6xorO3PnVArg51N/3QILQwlzZXEcal8D5y7vcGJBl1Y+sNEoGT4iwoZPDi3l5xnmsBN+GJcZkpSxsBkNWqs80YzwpL625e6LQAK32SPUoenmjNsX59AFXnUNQXLZ9phD+kmM1UtD4mFr4IqYYHwTE55O/6TmilRQTf/yLC+cl3ag0THXnOQkQSRQDMcjgXvWBv7IHAhgAHUMugTVJWy61gcyaeEUqs0JszKffxJ2Jl0/Gq7OUjCdJXbZcj/AqxJYuFCPkoQCnahhkNhSyJoTYBJNuJexJ7cUEHy7x2Llg2n6ii8P/Q02Yn+xgDDQpEdsxmG9+oVzUbgItLI12dV/HMSsNIgmxAhkPX9+IWB3lWJm+vPRsEphtL0YswzqTxXulcjwn2BH6J2LuHc6LMfU7WbosGa1v9wkzkImwuXelrEhgC9KB71kNFCLsmrBtieopdYheOCoXKhEedcLGdIp4XI3Z9svzjCWoLqteuOmmSNq42vlWQyQs0XXQ1V+6/5kqHpFbMgiR+IsE0ZDcsk+1xscbaumpA+cDtb0PBlaBke9LNfNbs63naci9RDLJ5dlI9frw1LvsAPAlKi7l2Grv7EK3hH1R3+NiuhaDjbRrQ6VOS83xCgCwAzVfApqurjhASGg62Ho0VueOncOJgnueVfw==\n",
            "public_key_pem": "-----BEGIN PUBLIC KEY-----\nMIICIjANBgkqhkiG9w0BAQEFAAOCAg8AMIICCgKCAgEAo5ihJGda6lUuhHrjBOzu\nsaKztz51QK4OdTf90CC0MJc2VxHGpfA+cu73BiQZdWPrDRKBk+IsKGTw4t5ecZ5r\nATfhiXGZKUsbAZDVqrPNGM8KS+tuXui0ACt9kj1KHp5ozbF+fQBV51DUFy2faYQ/\npJjNVLQ+Jha+CKmGB8ExOeTv+k5opUUE3/8iwvnJd2oNEx15zkJEEkUAzHI4F71g\nb+yBwIYAB1DLoE1SVsutYHMmnhFKrNCbMyn38SdiZdPxquzlIwnSV22XI/wKsSWL\nhQj5KEAp2oYZDYUsiaE2ASTbiXsSe3FBB8u8di5YNp+oovD/0NNmJ/sYAw0KRHbM\nZhvfqFc1G4CLSyNdnVfxzErDSIJsQIZD1/fiFgd5ViZvrz0bBKYbS9GLMM6k8V7p\nXI8J9gR+idi7h3OizH1O1m6LBmtb/cJM5CJsLl3paxIYAvSge9ZDRQi7JqwbYnqK\nXWIXjgqFyoRHnXCxnSKeFyN2fbL84wlqC6rXrjppkjauNr5VkMkLNF10NVfuv+ZK\nh6RWzIIkfiLBNGQ3LJPtcbHG2rpqQPnA7W9DwZWgZHvSzXzW7Ot52nIvUQyyeXZS\nPX68NS77ADwJSou5dhq7+xCt4R9Ud/jYroWg420a0OlTkvN8QoAsAM1XwKarq44Q\nEhoOth6NFbnjp3DiYJ7nlX8CAwEAAQ==\n-----END PUBLIC KEY-----\n",
            "rsa_bits": 4096
          },
          "sensitive_attributes": [],
          "private": "bnVsbA=="
        }
      ]
    },
    {
      "module": "module.network",
      "mode": "managed",
      "type": "aws_eip",
      "name": "nat_eip",
      "provider": "provider[\"registry.terraform.io/hashicorp/aws\"]",
      "instances": [
        {
          "schema_version": 0,
          "attributes": {
            "address": null,
            "allocation_id": "eipalloc-076fdad0e0de40a6b",
            "associate_with_private_ip": null,
            "association_id": "eipassoc-0f9a5ffdd6837c51e",
            "carrier_ip": "",
            "customer_owned_ip": "",
            "customer_owned_ipv4_pool": "",
            "domain": "vpc",
            "id": "eipalloc-076fdad0e0de40a6b",
            "instance": "",
            "network_border_group": "us-east-1",
            "network_interface": "eni-04680ded6eb1bff3b",
            "private_dns": "ip-10-0-1-232.ec2.internal",
            "private_ip": "10.0.1.232",
            "public_dns": "ec2-3-214-79-68.compute-1.amazonaws.com",
            "public_ip": "3.214.79.68",
            "public_ipv4_pool": "amazon",
            "tags": {
              "Name": "nat_eip"
            },
            "tags_all": {
              "Name": "nat_eip"
            },
            "timeouts": null,
            "vpc": true
          },
          "sensitive_attributes": [],
          "private": "eyJlMmJmYjczMC1lY2FhLTExZTYtOGY4OC0zNDM2M2JjN2M0YzAiOnsiZGVsZXRlIjoxODAwMDAwMDAwMDAsInJlYWQiOjkwMDAwMDAwMDAwMCwidXBkYXRlIjozMDAwMDAwMDAwMDB9fQ==",
          "dependencies": [
            "module.network.aws_internet_gateway.tf-igw",
            "module.network.aws_vpc.tf-playground"
          ]
        }
      ]
    },
    {
      "module": "module.network",
      "mode": "managed",
      "type": "aws_internet_gateway",
      "name": "tf-igw",
      "provider": "provider[\"registry.terraform.io/hashicorp/aws\"]",
      "instances": [
        {
          "schema_version": 0,
          "attributes": {
            "arn": "arn:aws:ec2:us-east-1:802679893191:internet-gateway/igw-0c0b3bf38f661e92b",
            "id": "igw-0c0b3bf38f661e92b",
            "owner_id": "802679893191",
            "tags": {
              "Name": "tf-igw"
            },
            "tags_all": {
              "Name": "tf-igw"
            },
            "vpc_id": "vpc-0e7ff05cda92569a3"
          },
          "sensitive_attributes": [],
          "private": "bnVsbA==",
          "dependencies": [
            "module.network.aws_vpc.tf-playground"
          ]
        }
      ]
    },
    {
      "module": "module.network",
      "mode": "managed",
      "type": "aws_nat_gateway",
      "name": "tf-nat",
      "provider": "provider[\"registry.terraform.io/hashicorp/aws\"]",
      "instances": [
        {
          "schema_version": 0,
          "attributes": {
            "allocation_id": "eipalloc-076fdad0e0de40a6b",
            "connectivity_type": "public",
            "id": "nat-02ab7f6ff75265c80",
            "network_interface_id": "eni-04680ded6eb1bff3b",
            "private_ip": "10.0.1.232",
            "public_ip": "3.214.79.68",
            "subnet_id": "subnet-0b432d17a993cc8e3",
            "tags": {
              "Name": "tf-nat"
            },
            "tags_all": {
              "Name": "tf-nat"
            }
          },
          "sensitive_attributes": [],
          "private": "bnVsbA==",
          "dependencies": [
            "module.network.aws_eip.nat_eip",
            "module.network.aws_internet_gateway.tf-igw",
            "module.network.aws_subnet.public-sub-1",
            "module.network.aws_vpc.tf-playground"
          ]
        }
      ]
    },
    {
      "module": "module.network",
      "mode": "managed",
      "type": "aws_route_table",
      "name": "igw-routes",
      "provider": "provider[\"registry.terraform.io/hashicorp/aws\"]",
      "instances": [
        {
          "schema_version": 0,
          "attributes": {
            "arn": "arn:aws:ec2:us-east-1:802679893191:route-table/rtb-0971b5e77641741d6",
            "id": "rtb-0971b5e77641741d6",
            "owner_id": "802679893191",
            "propagating_vgws": [],
            "route": [
              {
                "carrier_gateway_id": "",
                "cidr_block": "0.0.0.0/0",
                "core_network_arn": "",
                "destination_prefix_list_id": "",
                "egress_only_gateway_id": "",
                "gateway_id": "igw-0c0b3bf38f661e92b",
                "instance_id": "",
                "ipv6_cidr_block": "",
                "local_gateway_id": "",
                "nat_gateway_id": "",
                "network_interface_id": "",
                "transit_gateway_id": "",
                "vpc_endpoint_id": "",
                "vpc_peering_connection_id": ""
              }
            ],
            "tags": {
              "Name": "igw-routes"
            },
            "tags_all": {
              "Name": "igw-routes"
            },
            "timeouts": null,
            "vpc_id": "vpc-0e7ff05cda92569a3"
          },
          "sensitive_attributes": [],
          "private": "eyJlMmJmYjczMC1lY2FhLTExZTYtOGY4OC0zNDM2M2JjN2M0YzAiOnsiY3JlYXRlIjozMDAwMDAwMDAwMDAsImRlbGV0ZSI6MzAwMDAwMDAwMDAwLCJ1cGRhdGUiOjEyMDAwMDAwMDAwMH19",
          "dependencies": [
            "module.network.aws_internet_gateway.tf-igw",
            "module.network.aws_vpc.tf-playground"
          ]
        }
      ]
    },
    {
      "module": "module.network",
      "mode": "managed",
      "type": "aws_route_table",
      "name": "nat-routes",
      "provider": "provider[\"registry.terraform.io/hashicorp/aws\"]",
      "instances": [
        {
          "schema_version": 0,
          "attributes": {
            "arn": "arn:aws:ec2:us-east-1:802679893191:route-table/rtb-0a12eb8c3fbae44ce",
            "id": "rtb-0a12eb8c3fbae44ce",
            "owner_id": "802679893191",
            "propagating_vgws": [],
            "route": [
              {
                "carrier_gateway_id": "",
                "cidr_block": "0.0.0.0/0",
                "core_network_arn": "",
                "destination_prefix_list_id": "",
                "egress_only_gateway_id": "",
                "gateway_id": "",
                "instance_id": "",
                "ipv6_cidr_block": "",
                "local_gateway_id": "",
                "nat_gateway_id": "nat-02ab7f6ff75265c80",
                "network_interface_id": "",
                "transit_gateway_id": "",
                "vpc_endpoint_id": "",
                "vpc_peering_connection_id": ""
              }
            ],
            "tags": {
              "Name": "nat-routes"
            },
            "tags_all": {
              "Name": "nat-routes"
            },
            "timeouts": null,
            "vpc_id": "vpc-0e7ff05cda92569a3"
          },
          "sensitive_attributes": [],
          "private": "eyJlMmJmYjczMC1lY2FhLTExZTYtOGY4OC0zNDM2M2JjN2M0YzAiOnsiY3JlYXRlIjozMDAwMDAwMDAwMDAsImRlbGV0ZSI6MzAwMDAwMDAwMDAwLCJ1cGRhdGUiOjEyMDAwMDAwMDAwMH19",
          "dependencies": [
            "module.network.aws_eip.nat_eip",
            "module.network.aws_internet_gateway.tf-igw",
            "module.network.aws_nat_gateway.tf-nat",
            "module.network.aws_subnet.public-sub-1",
            "module.network.aws_vpc.tf-playground"
          ]
        }
      ]
    },
    {
      "module": "module.network",
      "mode": "managed",
      "type": "aws_route_table_association",
      "name": "igw-route-association-a",
      "provider": "provider[\"registry.terraform.io/hashicorp/aws\"]",
      "instances": [
        {
          "schema_version": 0,
          "attributes": {
            "gateway_id": "",
            "id": "rtbassoc-04fcd8d23b200fc12",
            "route_table_id": "rtb-0971b5e77641741d6",
            "subnet_id": "subnet-0b432d17a993cc8e3"
          },
          "sensitive_attributes": [],
          "private": "bnVsbA==",
          "dependencies": [
            "module.network.aws_internet_gateway.tf-igw",
            "module.network.aws_route_table.igw-routes",
            "module.network.aws_subnet.public-sub-1",
            "module.network.aws_vpc.tf-playground"
          ]
        }
      ]
    },
    {
      "module": "module.network",
      "mode": "managed",
      "type": "aws_route_table_association",
      "name": "igw-route-association-b",
      "provider": "provider[\"registry.terraform.io/hashicorp/aws\"]",
      "instances": [
        {
          "schema_version": 0,
          "attributes": {
            "gateway_id": "",
            "id": "rtbassoc-00ae547bc72cf8066",
            "route_table_id": "rtb-0971b5e77641741d6",
            "subnet_id": "subnet-01e6566bb900ffe04"
          },
          "sensitive_attributes": [],
          "private": "bnVsbA==",
          "dependencies": [
            "module.network.aws_internet_gateway.tf-igw",
            "module.network.aws_route_table.igw-routes",
            "module.network.aws_subnet.public-sub-2",
            "module.network.aws_vpc.tf-playground"
          ]
        }
      ]
    },
    {
      "module": "module.network",
      "mode": "managed",
      "type": "aws_route_table_association",
      "name": "nat-route-association-a",
      "provider": "provider[\"registry.terraform.io/hashicorp/aws\"]",
      "instances": [
        {
          "schema_version": 0,
          "attributes": {
            "gateway_id": "",
            "id": "rtbassoc-0db57d53a66da50a6",
            "route_table_id": "rtb-0a12eb8c3fbae44ce",
            "subnet_id": "subnet-022dcdf505814b8a4"
          },
          "sensitive_attributes": [],
          "private": "bnVsbA==",
          "dependencies": [
            "module.network.aws_eip.nat_eip",
            "module.network.aws_internet_gateway.tf-igw",
            "module.network.aws_nat_gateway.tf-nat",
            "module.network.aws_route_table.nat-routes",
            "module.network.aws_subnet.private-sub-1",
            "module.network.aws_subnet.public-sub-1",
            "module.network.aws_vpc.tf-playground"
          ]
        }
      ]
    },
    {
      "module": "module.network",
      "mode": "managed",
      "type": "aws_route_table_association",
      "name": "nat-route-association-b",
      "provider": "provider[\"registry.terraform.io/hashicorp/aws\"]",
      "instances": [
        {
          "schema_version": 0,
          "attributes": {
            "gateway_id": "",
            "id": "rtbassoc-00de85af5dc6b7902",
            "route_table_id": "rtb-0a12eb8c3fbae44ce",
            "subnet_id": "subnet-09a499a815d527bc9"
          },
          "sensitive_attributes": [],
          "private": "bnVsbA==",
          "dependencies": [
            "module.network.aws_eip.nat_eip",
            "module.network.aws_internet_gateway.tf-igw",
            "module.network.aws_nat_gateway.tf-nat",
            "module.network.aws_route_table.nat-routes",
            "module.network.aws_subnet.private-sub-2",
            "module.network.aws_subnet.public-sub-1",
            "module.network.aws_vpc.tf-playground"
          ]
        }
      ]
    },
    {
      "module": "module.network",
      "mode": "managed",
      "type": "aws_subnet",
      "name": "private-sub-1",
      "provider": "provider[\"registry.terraform.io/hashicorp/aws\"]",
      "instances": [
        {
          "schema_version": 1,
          "attributes": {
            "arn": "arn:aws:ec2:us-east-1:802679893191:subnet/subnet-022dcdf505814b8a4",
            "assign_ipv6_address_on_creation": false,
            "availability_zone": "us-east-1a",
            "availability_zone_id": "use1-az4",
            "cidr_block": "10.0.3.0/24",
            "customer_owned_ipv4_pool": "",
            "enable_dns64": false,
            "enable_resource_name_dns_a_record_on_launch": false,
            "enable_resource_name_dns_aaaa_record_on_launch": false,
            "id": "subnet-022dcdf505814b8a4",
            "ipv6_cidr_block": "",
            "ipv6_cidr_block_association_id": "",
            "ipv6_native": false,
            "map_customer_owned_ip_on_launch": false,
            "map_public_ip_on_launch": false,
            "outpost_arn": "",
            "owner_id": "802679893191",
            "private_dns_hostname_type_on_launch": "ip-name",
            "tags": {
              "Name": "private-sub-1"
            },
            "tags_all": {
              "Name": "private-sub-1"
            },
            "timeouts": null,
            "vpc_id": "vpc-0e7ff05cda92569a3"
          },
          "sensitive_attributes": [],
          "private": "eyJlMmJmYjczMC1lY2FhLTExZTYtOGY4OC0zNDM2M2JjN2M0YzAiOnsiY3JlYXRlIjo2MDAwMDAwMDAwMDAsImRlbGV0ZSI6MTIwMDAwMDAwMDAwMH0sInNjaGVtYV92ZXJzaW9uIjoiMSJ9",
          "dependencies": [
            "module.network.aws_vpc.tf-playground"
          ]
        }
      ]
    },
    {
      "module": "module.network",
      "mode": "managed",
      "type": "aws_subnet",
      "name": "private-sub-2",
      "provider": "provider[\"registry.terraform.io/hashicorp/aws\"]",
      "instances": [
        {
          "schema_version": 1,
          "attributes": {
            "arn": "arn:aws:ec2:us-east-1:802679893191:subnet/subnet-09a499a815d527bc9",
            "assign_ipv6_address_on_creation": false,
            "availability_zone": "us-east-1b",
            "availability_zone_id": "use1-az6",
            "cidr_block": "10.0.4.0/24",
            "customer_owned_ipv4_pool": "",
            "enable_dns64": false,
            "enable_resource_name_dns_a_record_on_launch": false,
            "enable_resource_name_dns_aaaa_record_on_launch": false,
            "id": "subnet-09a499a815d527bc9",
            "ipv6_cidr_block": "",
            "ipv6_cidr_block_association_id": "",
            "ipv6_native": false,
            "map_customer_owned_ip_on_launch": false,
            "map_public_ip_on_launch": false,
            "outpost_arn": "",
            "owner_id": "802679893191",
            "private_dns_hostname_type_on_launch": "ip-name",
            "tags": {
              "Name": "private-sub-2"
            },
            "tags_all": {
              "Name": "private-sub-2"
            },
            "timeouts": null,
            "vpc_id": "vpc-0e7ff05cda92569a3"
          },
          "sensitive_attributes": [],
          "private": "eyJlMmJmYjczMC1lY2FhLTExZTYtOGY4OC0zNDM2M2JjN2M0YzAiOnsiY3JlYXRlIjo2MDAwMDAwMDAwMDAsImRlbGV0ZSI6MTIwMDAwMDAwMDAwMH0sInNjaGVtYV92ZXJzaW9uIjoiMSJ9",
          "dependencies": [
            "module.network.aws_vpc.tf-playground"
          ]
        }
      ]
    },
    {
      "module": "module.network",
      "mode": "managed",
      "type": "aws_subnet",
      "name": "public-sub-1",
      "provider": "provider[\"registry.terraform.io/hashicorp/aws\"]",
      "instances": [
        {
          "schema_version": 1,
          "attributes": {
            "arn": "arn:aws:ec2:us-east-1:802679893191:subnet/subnet-0b432d17a993cc8e3",
            "assign_ipv6_address_on_creation": false,
            "availability_zone": "us-east-1a",
            "availability_zone_id": "use1-az4",
            "cidr_block": "10.0.1.0/24",
            "customer_owned_ipv4_pool": "",
            "enable_dns64": false,
            "enable_resource_name_dns_a_record_on_launch": false,
            "enable_resource_name_dns_aaaa_record_on_launch": false,
            "id": "subnet-0b432d17a993cc8e3",
            "ipv6_cidr_block": "",
            "ipv6_cidr_block_association_id": "",
            "ipv6_native": false,
            "map_customer_owned_ip_on_launch": false,
            "map_public_ip_on_launch": true,
            "outpost_arn": "",
            "owner_id": "802679893191",
            "private_dns_hostname_type_on_launch": "ip-name",
            "tags": {
              "Name": "public-sub-1"
            },
            "tags_all": {
              "Name": "public-sub-1"
            },
            "timeouts": null,
            "vpc_id": "vpc-0e7ff05cda92569a3"
          },
          "sensitive_attributes": [],
          "private": "eyJlMmJmYjczMC1lY2FhLTExZTYtOGY4OC0zNDM2M2JjN2M0YzAiOnsiY3JlYXRlIjo2MDAwMDAwMDAwMDAsImRlbGV0ZSI6MTIwMDAwMDAwMDAwMH0sInNjaGVtYV92ZXJzaW9uIjoiMSJ9",
          "dependencies": [
            "module.network.aws_vpc.tf-playground"
          ]
        }
      ]
    },
    {
      "module": "module.network",
      "mode": "managed",
      "type": "aws_subnet",
      "name": "public-sub-2",
      "provider": "provider[\"registry.terraform.io/hashicorp/aws\"]",
      "instances": [
        {
          "schema_version": 1,
          "attributes": {
            "arn": "arn:aws:ec2:us-east-1:802679893191:subnet/subnet-01e6566bb900ffe04",
            "assign_ipv6_address_on_creation": false,
            "availability_zone": "us-east-1b",
            "availability_zone_id": "use1-az6",
            "cidr_block": "10.0.2.0/24",
            "customer_owned_ipv4_pool": "",
            "enable_dns64": false,
            "enable_resource_name_dns_a_record_on_launch": false,
            "enable_resource_name_dns_aaaa_record_on_launch": false,
            "id": "subnet-01e6566bb900ffe04",
            "ipv6_cidr_block": "",
            "ipv6_cidr_block_association_id": "",
            "ipv6_native": false,
            "map_customer_owned_ip_on_launch": false,
            "map_public_ip_on_launch": true,
            "outpost_arn": "",
            "owner_id": "802679893191",
            "private_dns_hostname_type_on_launch": "ip-name",
            "tags": {
              "Name": "public-sub-2"
            },
            "tags_all": {
              "Name": "public-sub-2"
            },
            "timeouts": null,
            "vpc_id": "vpc-0e7ff05cda92569a3"
          },
          "sensitive_attributes": [],
          "private": "eyJlMmJmYjczMC1lY2FhLTExZTYtOGY4OC0zNDM2M2JjN2M0YzAiOnsiY3JlYXRlIjo2MDAwMDAwMDAwMDAsImRlbGV0ZSI6MTIwMDAwMDAwMDAwMH0sInNjaGVtYV92ZXJzaW9uIjoiMSJ9",
          "dependencies": [
            "module.network.aws_vpc.tf-playground"
          ]
        }
      ]
    },
    {
      "module": "module.network",
      "mode": "managed",
      "type": "aws_vpc",
      "name": "tf-playground",
      "provider": "provider[\"registry.terraform.io/hashicorp/aws\"]",
      "instances": [
        {
          "schema_version": 1,
          "attributes": {
            "arn": "arn:aws:ec2:us-east-1:802679893191:vpc/vpc-0e7ff05cda92569a3",
            "assign_generated_ipv6_cidr_block": false,
            "cidr_block": "10.0.0.0/16",
            "default_network_acl_id": "acl-050edff866954a408",
            "default_route_table_id": "rtb-06a1279379e983600",
            "default_security_group_id": "sg-0fe10a4ecf3911812",
            "dhcp_options_id": "dopt-05f3fbf821d424c7c",
            "enable_classiclink": false,
            "enable_classiclink_dns_support": false,
            "enable_dns_hostnames": true,
            "enable_dns_support": true,
            "id": "vpc-0e7ff05cda92569a3",
            "instance_tenancy": "default",
            "ipv4_ipam_pool_id": null,
            "ipv4_netmask_length": null,
            "ipv6_association_id": "",
            "ipv6_cidr_block": "",
            "ipv6_cidr_block_network_border_group": "",
            "ipv6_ipam_pool_id": "",
            "ipv6_netmask_length": 0,
            "main_route_table_id": "rtb-06a1279379e983600",
            "owner_id": "802679893191",
            "tags": {
              "Name": "tf-playground"
            },
            "tags_all": {
              "Name": "tf-playground"
            }
          },
          "sensitive_attributes": [],
          "private": "eyJzY2hlbWFfdmVyc2lvbiI6IjEifQ=="
        }
      ]
    }
  ]
}
